// !$*UTF8*$!
{
	archiveVersion = 1;
	classes = {
	};
	objectVersion = 56;
	objects = {

/* Begin PBXBuildFile section */
		E62FDD802AE6C212006DA8B6 /* EssentialFeedMacOS.docc in Sources */ = {isa = PBXBuildFile; fileRef = E68F4B3A2AB4799E0091B592 /* EssentialFeedMacOS.docc */; };
		E65054482B2F0D5600CC34D2 /* URLSessionsHTTPClientTests.swift in Sources */ = {isa = PBXBuildFile; fileRef = E65054472B2F0D5600CC34D2 /* URLSessionsHTTPClientTests.swift */; };
		E650548D2B333BE100CC34D2 /* XCTestCase+MemoryLeakTracking.swift in Sources */ = {isa = PBXBuildFile; fileRef = E650548C2B333BE100CC34D2 /* XCTestCase+MemoryLeakTracking.swift */; };
		E65054902B34440D00CC34D2 /* URLSessionHTTPClient.swift in Sources */ = {isa = PBXBuildFile; fileRef = E650548E2B34440100CC34D2 /* URLSessionHTTPClient.swift */; };
		E650549F2B381F2F00CC34D2 /* EssentialFeedAPIEndToEndTests.swift in Sources */ = {isa = PBXBuildFile; fileRef = E650549E2B381F2F00CC34D2 /* EssentialFeedAPIEndToEndTests.swift */; };
		E65054A02B381F2F00CC34D2 /* EssentialFeedMacOS.framework in Frameworks */ = {isa = PBXBuildFile; fileRef = E68F4B362AB4799E0091B592 /* EssentialFeedMacOS.framework */; };
		E65054A62B3829C900CC34D2 /* XCTestCase+MemoryLeakTracking.swift in Sources */ = {isa = PBXBuildFile; fileRef = E650548C2B333BE100CC34D2 /* XCTestCase+MemoryLeakTracking.swift */; };
		E673C44B2B7B499200FC2098 /* CacheFeedUseCaseTests.swift in Sources */ = {isa = PBXBuildFile; fileRef = E673C44A2B7B499200FC2098 /* CacheFeedUseCaseTests.swift */; };
		E673C4502B7DF9A300FC2098 /* LocalFeedLoader.swift in Sources */ = {isa = PBXBuildFile; fileRef = E673C44F2B7DF9A300FC2098 /* LocalFeedLoader.swift */; };
		E673C4522B7DFA5300FC2098 /* FeedStore.swift in Sources */ = {isa = PBXBuildFile; fileRef = E673C4512B7DFA5300FC2098 /* FeedStore.swift */; };
		E673C4542B7FC49A00FC2098 /* RemoteFeedItem.swift in Sources */ = {isa = PBXBuildFile; fileRef = E673C4532B7FC49A00FC2098 /* RemoteFeedItem.swift */; };
		E673C4562B7FC4E600FC2098 /* LocalFeedImage.swift in Sources */ = {isa = PBXBuildFile; fileRef = E673C4552B7FC4E600FC2098 /* LocalFeedImage.swift */; };
		E673C4582B81E7D900FC2098 /* LoadFeedFromCacheUseCaseTests.swift in Sources */ = {isa = PBXBuildFile; fileRef = E673C4572B81E7D900FC2098 /* LoadFeedFromCacheUseCaseTests.swift */; };
		E67800A62B0581690067280C /* HTTPClient.swift in Sources */ = {isa = PBXBuildFile; fileRef = E67800A52B0581690067280C /* HTTPClient.swift */; };
		E67800A92B05826F0067280C /* FeedItemsMapper.swift in Sources */ = {isa = PBXBuildFile; fileRef = E67800A82B05826F0067280C /* FeedItemsMapper.swift */; };
		E68F4B3B2AB4799E0091B592 /* EssentialFeedMacOS.docc in Sources */ = {isa = PBXBuildFile; fileRef = E68F4B3A2AB4799E0091B592 /* EssentialFeedMacOS.docc */; };
		E68F4B412AB4799E0091B592 /* EssentialFeedMacOS.framework in Frameworks */ = {isa = PBXBuildFile; fileRef = E68F4B362AB4799E0091B592 /* EssentialFeedMacOS.framework */; };
		E68F4B472AB4799E0091B592 /* EssentialFeedMacOS.h in Headers */ = {isa = PBXBuildFile; fileRef = E68F4B392AB4799E0091B592 /* EssentialFeedMacOS.h */; settings = {ATTRIBUTES = (Public, ); }; };
		E68F4B532AB5F8A40091B592 /* LoadFeedResult.swift in Sources */ = {isa = PBXBuildFile; fileRef = E68F4B512AB5F8A40091B592 /* LoadFeedResult.swift */; };
		E68F4B542AB5F8A40091B592 /* FeedImage.swift in Sources */ = {isa = PBXBuildFile; fileRef = E68F4B522AB5F8A40091B592 /* FeedImage.swift */; };
		E68F4B582AB5F9C80091B592 /* LoadFeedFromRemoteUserCaseTests.swift in Sources */ = {isa = PBXBuildFile; fileRef = E68F4B572AB5F9C80091B592 /* LoadFeedFromRemoteUserCaseTests.swift */; };
		E68F4B5B2AB9D5020091B592 /* RemoteFeedLoader.swift in Sources */ = {isa = PBXBuildFile; fileRef = E68F4B5A2AB9D5020091B592 /* RemoteFeedLoader.swift */; };
/* End PBXBuildFile section */

/* Begin PBXContainerItemProxy section */
		E65054A12B381F2F00CC34D2 /* PBXContainerItemProxy */ = {
			isa = PBXContainerItemProxy;
			containerPortal = E68F4B2D2AB4799E0091B592 /* Project object */;
			proxyType = 1;
			remoteGlobalIDString = E68F4B352AB4799E0091B592;
			remoteInfo = EssentialFeedMacOS;
		};
		E68F4B422AB4799E0091B592 /* PBXContainerItemProxy */ = {
			isa = PBXContainerItemProxy;
			containerPortal = E68F4B2D2AB4799E0091B592 /* Project object */;
			proxyType = 1;
			remoteGlobalIDString = E68F4B352AB4799E0091B592;
			remoteInfo = EssentialFeedMacOS;
		};
/* End PBXContainerItemProxy section */

/* Begin PBXFileReference section */
		E65054472B2F0D5600CC34D2 /* URLSessionsHTTPClientTests.swift */ = {isa = PBXFileReference; lastKnownFileType = sourcecode.swift; path = URLSessionsHTTPClientTests.swift; sourceTree = "<group>"; };
		E650548C2B333BE100CC34D2 /* XCTestCase+MemoryLeakTracking.swift */ = {isa = PBXFileReference; lastKnownFileType = sourcecode.swift; path = "XCTestCase+MemoryLeakTracking.swift"; sourceTree = "<group>"; };
		E650548E2B34440100CC34D2 /* URLSessionHTTPClient.swift */ = {isa = PBXFileReference; lastKnownFileType = sourcecode.swift; path = URLSessionHTTPClient.swift; sourceTree = "<group>"; };
		E650549C2B381F2F00CC34D2 /* EssentialFeedAPIEndToEndTests.xctest */ = {isa = PBXFileReference; explicitFileType = wrapper.cfbundle; includeInIndex = 0; path = EssentialFeedAPIEndToEndTests.xctest; sourceTree = BUILT_PRODUCTS_DIR; };
		E650549E2B381F2F00CC34D2 /* EssentialFeedAPIEndToEndTests.swift */ = {isa = PBXFileReference; lastKnownFileType = sourcecode.swift; path = EssentialFeedAPIEndToEndTests.swift; sourceTree = "<group>"; };
		E65054A72B382C9700CC34D2 /* CI.xctestplan */ = {isa = PBXFileReference; lastKnownFileType = text; path = CI.xctestplan; sourceTree = "<group>"; };
		E673C44A2B7B499200FC2098 /* CacheFeedUseCaseTests.swift */ = {isa = PBXFileReference; lastKnownFileType = sourcecode.swift; path = CacheFeedUseCaseTests.swift; sourceTree = "<group>"; };
		E673C44F2B7DF9A300FC2098 /* LocalFeedLoader.swift */ = {isa = PBXFileReference; lastKnownFileType = sourcecode.swift; path = LocalFeedLoader.swift; sourceTree = "<group>"; };
		E673C4512B7DFA5300FC2098 /* FeedStore.swift */ = {isa = PBXFileReference; lastKnownFileType = sourcecode.swift; path = FeedStore.swift; sourceTree = "<group>"; };
		E673C4532B7FC49A00FC2098 /* RemoteFeedItem.swift */ = {isa = PBXFileReference; lastKnownFileType = sourcecode.swift; path = RemoteFeedItem.swift; sourceTree = "<group>"; };
		E673C4552B7FC4E600FC2098 /* LocalFeedImage.swift */ = {isa = PBXFileReference; lastKnownFileType = sourcecode.swift; path = LocalFeedImage.swift; sourceTree = "<group>"; };
		E673C4572B81E7D900FC2098 /* LoadFeedFromCacheUseCaseTests.swift */ = {isa = PBXFileReference; lastKnownFileType = sourcecode.swift; path = LoadFeedFromCacheUseCaseTests.swift; sourceTree = "<group>"; };
		E67800A52B0581690067280C /* HTTPClient.swift */ = {isa = PBXFileReference; lastKnownFileType = sourcecode.swift; name = HTTPClient.swift; path = "EssentialFeedMacOS/Feed API/HTTPClient.swift"; sourceTree = SOURCE_ROOT; };
		E67800A82B05826F0067280C /* FeedItemsMapper.swift */ = {isa = PBXFileReference; lastKnownFileType = sourcecode.swift; path = FeedItemsMapper.swift; sourceTree = "<group>"; };
		E68F4B362AB4799E0091B592 /* EssentialFeedMacOS.framework */ = {isa = PBXFileReference; explicitFileType = wrapper.framework; includeInIndex = 0; path = EssentialFeedMacOS.framework; sourceTree = BUILT_PRODUCTS_DIR; };
		E68F4B392AB4799E0091B592 /* EssentialFeedMacOS.h */ = {isa = PBXFileReference; lastKnownFileType = sourcecode.c.h; path = EssentialFeedMacOS.h; sourceTree = "<group>"; };
		E68F4B3A2AB4799E0091B592 /* EssentialFeedMacOS.docc */ = {isa = PBXFileReference; lastKnownFileType = folder.documentationcatalog; path = EssentialFeedMacOS.docc; sourceTree = "<group>"; };
		E68F4B402AB4799E0091B592 /* EssentialFeedMacOSTests.xctest */ = {isa = PBXFileReference; explicitFileType = wrapper.cfbundle; includeInIndex = 0; path = EssentialFeedMacOSTests.xctest; sourceTree = BUILT_PRODUCTS_DIR; };
		E68F4B512AB5F8A40091B592 /* LoadFeedResult.swift */ = {isa = PBXFileReference; fileEncoding = 4; lastKnownFileType = sourcecode.swift; path = LoadFeedResult.swift; sourceTree = "<group>"; };
		E68F4B522AB5F8A40091B592 /* FeedImage.swift */ = {isa = PBXFileReference; fileEncoding = 4; lastKnownFileType = sourcecode.swift; path = FeedImage.swift; sourceTree = "<group>"; };
		E68F4B572AB5F9C80091B592 /* LoadFeedFromRemoteUserCaseTests.swift */ = {isa = PBXFileReference; lastKnownFileType = sourcecode.swift; path = LoadFeedFromRemoteUserCaseTests.swift; sourceTree = "<group>"; };
		E68F4B5A2AB9D5020091B592 /* RemoteFeedLoader.swift */ = {isa = PBXFileReference; lastKnownFileType = sourcecode.swift; path = RemoteFeedLoader.swift; sourceTree = "<group>"; };
		E6DEBDD12B39B3A200593012 /* EssentialFeedMacOS.xctestplan */ = {isa = PBXFileReference; lastKnownFileType = text; path = EssentialFeedMacOS.xctestplan; sourceTree = "<group>"; };
/* End PBXFileReference section */

/* Begin PBXFrameworksBuildPhase section */
		E65054992B381F2F00CC34D2 /* Frameworks */ = {
			isa = PBXFrameworksBuildPhase;
			buildActionMask = 2147483647;
			files = (
				E65054A02B381F2F00CC34D2 /* EssentialFeedMacOS.framework in Frameworks */,
			);
			runOnlyForDeploymentPostprocessing = 0;
		};
		E68F4B332AB4799E0091B592 /* Frameworks */ = {
			isa = PBXFrameworksBuildPhase;
			buildActionMask = 2147483647;
			files = (
			);
			runOnlyForDeploymentPostprocessing = 0;
		};
		E68F4B3D2AB4799E0091B592 /* Frameworks */ = {
			isa = PBXFrameworksBuildPhase;
			buildActionMask = 2147483647;
			files = (
				E68F4B412AB4799E0091B592 /* EssentialFeedMacOS.framework in Frameworks */,
			);
			runOnlyForDeploymentPostprocessing = 0;
		};
/* End PBXFrameworksBuildPhase section */

/* Begin PBXGroup section */
		E650548B2B333B9800CC34D2 /* Helpers */ = {
			isa = PBXGroup;
			children = (
				E650548C2B333BE100CC34D2 /* XCTestCase+MemoryLeakTracking.swift */,
			);
			path = Helpers;
			sourceTree = "<group>";
		};
		E650549D2B381F2F00CC34D2 /* EssentialFeedAPIEndToEndTests */ = {
			isa = PBXGroup;
			children = (
				E650549E2B381F2F00CC34D2 /* EssentialFeedAPIEndToEndTests.swift */,
			);
			path = EssentialFeedAPIEndToEndTests;
			sourceTree = "<group>";
		};
		E673C4482B7B495300FC2098 /* Feed Cache */ = {
			isa = PBXGroup;
			children = (
				E673C44A2B7B499200FC2098 /* CacheFeedUseCaseTests.swift */,
				E673C4572B81E7D900FC2098 /* LoadFeedFromCacheUseCaseTests.swift */,
			);
			path = "Feed Cache";
			sourceTree = "<group>";
		};
		E673C44E2B7DF99000FC2098 /* Feed Cache */ = {
			isa = PBXGroup;
			children = (
				E673C44F2B7DF9A300FC2098 /* LocalFeedLoader.swift */,
				E673C4512B7DFA5300FC2098 /* FeedStore.swift */,
				E673C4552B7FC4E600FC2098 /* LocalFeedImage.swift */,
			);
			path = "Feed Cache";
			sourceTree = "<group>";
		};
		E67800AB2B058C000067280C /* Feed API */ = {
			isa = PBXGroup;
			children = (
				E68F4B572AB5F9C80091B592 /* LoadFeedFromRemoteUserCaseTests.swift */,
				E65054472B2F0D5600CC34D2 /* URLSessionsHTTPClientTests.swift */,
			);
			path = "Feed API";
			sourceTree = "<group>";
		};
		E68F4B2C2AB4799E0091B592 = {
			isa = PBXGroup;
			children = (
				E6DEBDD12B39B3A200593012 /* EssentialFeedMacOS.xctestplan */,
				E65054A72B382C9700CC34D2 /* CI.xctestplan */,
				E68F4B382AB4799E0091B592 /* EssentialFeedMacOS */,
				E68F4B442AB4799E0091B592 /* EssentialFeedMacOSTests */,
				E650549D2B381F2F00CC34D2 /* EssentialFeedAPIEndToEndTests */,
				E68F4B372AB4799E0091B592 /* Products */,
			);
			sourceTree = "<group>";
		};
		E68F4B372AB4799E0091B592 /* Products */ = {
			isa = PBXGroup;
			children = (
				E68F4B362AB4799E0091B592 /* EssentialFeedMacOS.framework */,
				E68F4B402AB4799E0091B592 /* EssentialFeedMacOSTests.xctest */,
				E650549C2B381F2F00CC34D2 /* EssentialFeedAPIEndToEndTests.xctest */,
			);
			name = Products;
			sourceTree = "<group>";
		};
		E68F4B382AB4799E0091B592 /* EssentialFeedMacOS */ = {
			isa = PBXGroup;
			children = (
				E673C44E2B7DF99000FC2098 /* Feed Cache */,
				E68F4B502AB5F8940091B592 /* FeedFeature */,
				E68F4B592AB9D4CF0091B592 /* Feed API */,
				E68F4B392AB4799E0091B592 /* EssentialFeedMacOS.h */,
				E68F4B3A2AB4799E0091B592 /* EssentialFeedMacOS.docc */,
			);
			path = EssentialFeedMacOS;
			sourceTree = "<group>";
		};
		E68F4B442AB4799E0091B592 /* EssentialFeedMacOSTests */ = {
			isa = PBXGroup;
			children = (
				E650548B2B333B9800CC34D2 /* Helpers */,
				E673C4482B7B495300FC2098 /* Feed Cache */,
				E67800AB2B058C000067280C /* Feed API */,
			);
			path = EssentialFeedMacOSTests;
			sourceTree = "<group>";
		};
		E68F4B502AB5F8940091B592 /* FeedFeature */ = {
			isa = PBXGroup;
			children = (
				E68F4B522AB5F8A40091B592 /* FeedImage.swift */,
				E68F4B512AB5F8A40091B592 /* LoadFeedResult.swift */,
			);
			path = FeedFeature;
			sourceTree = "<group>";
		};
		E68F4B592AB9D4CF0091B592 /* Feed API */ = {
			isa = PBXGroup;
			children = (
				E650548E2B34440100CC34D2 /* URLSessionHTTPClient.swift */,
				E68F4B5A2AB9D5020091B592 /* RemoteFeedLoader.swift */,
				E67800A82B05826F0067280C /* FeedItemsMapper.swift */,
				E673C4532B7FC49A00FC2098 /* RemoteFeedItem.swift */,
				E67800A52B0581690067280C /* HTTPClient.swift */,
			);
			path = "Feed API";
			sourceTree = "<group>";
		};
/* End PBXGroup section */

/* Begin PBXHeadersBuildPhase section */
		E68F4B312AB4799E0091B592 /* Headers */ = {
			isa = PBXHeadersBuildPhase;
			buildActionMask = 2147483647;
			files = (
				E68F4B472AB4799E0091B592 /* EssentialFeedMacOS.h in Headers */,
			);
			runOnlyForDeploymentPostprocessing = 0;
		};
/* End PBXHeadersBuildPhase section */

/* Begin PBXNativeTarget section */
		E650549B2B381F2F00CC34D2 /* EssentialFeedAPIEndToEndTests */ = {
			isa = PBXNativeTarget;
			buildConfigurationList = E65054A32B381F2F00CC34D2 /* Build configuration list for PBXNativeTarget "EssentialFeedAPIEndToEndTests" */;
			buildPhases = (
				E65054982B381F2F00CC34D2 /* Sources */,
				E65054992B381F2F00CC34D2 /* Frameworks */,
				E650549A2B381F2F00CC34D2 /* Resources */,
			);
			buildRules = (
			);
			dependencies = (
				E65054A22B381F2F00CC34D2 /* PBXTargetDependency */,
			);
			name = EssentialFeedAPIEndToEndTests;
			productName = EssentialFeedAPIEndToEndTests;
			productReference = E650549C2B381F2F00CC34D2 /* EssentialFeedAPIEndToEndTests.xctest */;
			productType = "com.apple.product-type.bundle.unit-test";
		};
		E68F4B352AB4799E0091B592 /* EssentialFeedMacOS */ = {
			isa = PBXNativeTarget;
			buildConfigurationList = E68F4B4A2AB4799E0091B592 /* Build configuration list for PBXNativeTarget "EssentialFeedMacOS" */;
			buildPhases = (
				E68F4B312AB4799E0091B592 /* Headers */,
				E68F4B322AB4799E0091B592 /* Sources */,
				E68F4B332AB4799E0091B592 /* Frameworks */,
				E68F4B342AB4799E0091B592 /* Resources */,
			);
			buildRules = (
			);
			dependencies = (
			);
			name = EssentialFeedMacOS;
			productName = EssentialFeedMacOS;
			productReference = E68F4B362AB4799E0091B592 /* EssentialFeedMacOS.framework */;
			productType = "com.apple.product-type.framework";
		};
		E68F4B3F2AB4799E0091B592 /* EssentialFeedMacOSTests */ = {
			isa = PBXNativeTarget;
			buildConfigurationList = E68F4B4D2AB4799E0091B592 /* Build configuration list for PBXNativeTarget "EssentialFeedMacOSTests" */;
			buildPhases = (
				E68F4B3C2AB4799E0091B592 /* Sources */,
				E68F4B3D2AB4799E0091B592 /* Frameworks */,
				E68F4B3E2AB4799E0091B592 /* Resources */,
			);
			buildRules = (
			);
			dependencies = (
				E68F4B432AB4799E0091B592 /* PBXTargetDependency */,
			);
			name = EssentialFeedMacOSTests;
			productName = EssentialFeedMacOSTests;
			productReference = E68F4B402AB4799E0091B592 /* EssentialFeedMacOSTests.xctest */;
			productType = "com.apple.product-type.bundle.unit-test";
		};
/* End PBXNativeTarget section */

/* Begin PBXProject section */
		E68F4B2D2AB4799E0091B592 /* Project object */ = {
			isa = PBXProject;
			attributes = {
				BuildIndependentTargetsInParallel = 1;
				LastSwiftUpdateCheck = 1510;
				LastUpgradeCheck = 1510;
				TargetAttributes = {
					E650549B2B381F2F00CC34D2 = {
						CreatedOnToolsVersion = 15.1;
					};
					E68F4B352AB4799E0091B592 = {
						CreatedOnToolsVersion = 14.3.1;
					};
					E68F4B3F2AB4799E0091B592 = {
						CreatedOnToolsVersion = 14.3.1;
					};
				};
			};
			buildConfigurationList = E68F4B302AB4799E0091B592 /* Build configuration list for PBXProject "EssentialFeedMacOS" */;
			compatibilityVersion = "Xcode 14.0";
			developmentRegion = en;
			hasScannedForEncodings = 0;
			knownRegions = (
				en,
				Base,
			);
			mainGroup = E68F4B2C2AB4799E0091B592;
			productRefGroup = E68F4B372AB4799E0091B592 /* Products */;
			projectDirPath = "";
			projectRoot = "";
			targets = (
				E68F4B352AB4799E0091B592 /* EssentialFeedMacOS */,
				E68F4B3F2AB4799E0091B592 /* EssentialFeedMacOSTests */,
				E650549B2B381F2F00CC34D2 /* EssentialFeedAPIEndToEndTests */,
			);
		};
/* End PBXProject section */

/* Begin PBXResourcesBuildPhase section */
		E650549A2B381F2F00CC34D2 /* Resources */ = {
			isa = PBXResourcesBuildPhase;
			buildActionMask = 2147483647;
			files = (
			);
			runOnlyForDeploymentPostprocessing = 0;
		};
		E68F4B342AB4799E0091B592 /* Resources */ = {
			isa = PBXResourcesBuildPhase;
			buildActionMask = 2147483647;
			files = (
			);
			runOnlyForDeploymentPostprocessing = 0;
		};
		E68F4B3E2AB4799E0091B592 /* Resources */ = {
			isa = PBXResourcesBuildPhase;
			buildActionMask = 2147483647;
			files = (
			);
			runOnlyForDeploymentPostprocessing = 0;
		};
/* End PBXResourcesBuildPhase section */

/* Begin PBXSourcesBuildPhase section */
		E65054982B381F2F00CC34D2 /* Sources */ = {
			isa = PBXSourcesBuildPhase;
			buildActionMask = 2147483647;
			files = (
				E650549F2B381F2F00CC34D2 /* EssentialFeedAPIEndToEndTests.swift in Sources */,
				E65054A62B3829C900CC34D2 /* XCTestCase+MemoryLeakTracking.swift in Sources */,
			);
			runOnlyForDeploymentPostprocessing = 0;
		};
		E68F4B322AB4799E0091B592 /* Sources */ = {
			isa = PBXSourcesBuildPhase;
			buildActionMask = 2147483647;
			files = (
				E673C4562B7FC4E600FC2098 /* LocalFeedImage.swift in Sources */,
				E673C4522B7DFA5300FC2098 /* FeedStore.swift in Sources */,
				E65054902B34440D00CC34D2 /* URLSessionHTTPClient.swift in Sources */,
				E68F4B5B2AB9D5020091B592 /* RemoteFeedLoader.swift in Sources */,
				E67800A62B0581690067280C /* HTTPClient.swift in Sources */,
				E68F4B532AB5F8A40091B592 /* LoadFeedResult.swift in Sources */,
				E67800A92B05826F0067280C /* FeedItemsMapper.swift in Sources */,
				E673C4542B7FC49A00FC2098 /* RemoteFeedItem.swift in Sources */,
				E68F4B3B2AB4799E0091B592 /* EssentialFeedMacOS.docc in Sources */,
				E673C4502B7DF9A300FC2098 /* LocalFeedLoader.swift in Sources */,
				E68F4B542AB5F8A40091B592 /* FeedImage.swift in Sources */,
			);
			runOnlyForDeploymentPostprocessing = 0;
		};
		E68F4B3C2AB4799E0091B592 /* Sources */ = {
			isa = PBXSourcesBuildPhase;
			buildActionMask = 2147483647;
			files = (
				E65054482B2F0D5600CC34D2 /* URLSessionsHTTPClientTests.swift in Sources */,
				E650548D2B333BE100CC34D2 /* XCTestCase+MemoryLeakTracking.swift in Sources */,
				E68F4B582AB5F9C80091B592 /* LoadFeedFromRemoteUserCaseTests.swift in Sources */,
				E673C44B2B7B499200FC2098 /* CacheFeedUseCaseTests.swift in Sources */,
				E673C4582B81E7D900FC2098 /* LoadFeedFromCacheUseCaseTests.swift in Sources */,
				E62FDD802AE6C212006DA8B6 /* EssentialFeedMacOS.docc in Sources */,
			);
			runOnlyForDeploymentPostprocessing = 0;
		};
/* End PBXSourcesBuildPhase section */

/* Begin PBXTargetDependency section */
		E65054A22B381F2F00CC34D2 /* PBXTargetDependency */ = {
			isa = PBXTargetDependency;
			target = E68F4B352AB4799E0091B592 /* EssentialFeedMacOS */;
			targetProxy = E65054A12B381F2F00CC34D2 /* PBXContainerItemProxy */;
		};
		E68F4B432AB4799E0091B592 /* PBXTargetDependency */ = {
			isa = PBXTargetDependency;
			target = E68F4B352AB4799E0091B592 /* EssentialFeedMacOS */;
			targetProxy = E68F4B422AB4799E0091B592 /* PBXContainerItemProxy */;
		};
/* End PBXTargetDependency section */

/* Begin XCBuildConfiguration section */
		E65054A42B381F2F00CC34D2 /* Debug */ = {
			isa = XCBuildConfiguration;
			buildSettings = {
				ASSETCATALOG_COMPILER_GENERATE_SWIFT_ASSET_SYMBOL_EXTENSIONS = YES;
				CODE_SIGN_STYLE = Automatic;
				CURRENT_PROJECT_VERSION = 1;
				DEAD_CODE_STRIPPING = YES;
				DEVELOPMENT_TEAM = 448W6TL3PT;
				ENABLE_USER_SCRIPT_SANDBOXING = YES;
				GCC_C_LANGUAGE_STANDARD = gnu17;
				GENERATE_INFOPLIST_FILE = YES;
				LOCALIZATION_PREFERS_STRING_CATALOGS = YES;
				MACOSX_DEPLOYMENT_TARGET = 14.1;
				MARKETING_VERSION = 1.0;
				PRODUCT_BUNDLE_IDENTIFIER = com.dania.EssentialFeedAPIEndToEndTests;
				PRODUCT_NAME = "$(TARGET_NAME)";
				SWIFT_ACTIVE_COMPILATION_CONDITIONS = "DEBUG $(inherited)";
				SWIFT_EMIT_LOC_STRINGS = NO;
				SWIFT_VERSION = 5.0;
			};
			name = Debug;
		};
		E65054A52B381F2F00CC34D2 /* Release */ = {
			isa = XCBuildConfiguration;
			buildSettings = {
				ASSETCATALOG_COMPILER_GENERATE_SWIFT_ASSET_SYMBOL_EXTENSIONS = YES;
				CODE_SIGN_STYLE = Automatic;
				CURRENT_PROJECT_VERSION = 1;
				DEAD_CODE_STRIPPING = YES;
				DEVELOPMENT_TEAM = 448W6TL3PT;
				ENABLE_USER_SCRIPT_SANDBOXING = YES;
				GCC_C_LANGUAGE_STANDARD = gnu17;
				GENERATE_INFOPLIST_FILE = YES;
				LOCALIZATION_PREFERS_STRING_CATALOGS = YES;
				MACOSX_DEPLOYMENT_TARGET = 14.1;
				MARKETING_VERSION = 1.0;
				PRODUCT_BUNDLE_IDENTIFIER = com.dania.EssentialFeedAPIEndToEndTests;
				PRODUCT_NAME = "$(TARGET_NAME)";
				SWIFT_EMIT_LOC_STRINGS = NO;
				SWIFT_VERSION = 5.0;
			};
			name = Release;
		};
		E68F4B482AB4799E0091B592 /* Debug */ = {
			isa = XCBuildConfiguration;
			buildSettings = {
				ALWAYS_SEARCH_USER_PATHS = NO;
				CLANG_ANALYZER_NONNULL = YES;
				CLANG_ANALYZER_NUMBER_OBJECT_CONVERSION = YES_AGGRESSIVE;
				CLANG_CXX_LANGUAGE_STANDARD = "gnu++20";
				CLANG_ENABLE_MODULES = YES;
				CLANG_ENABLE_OBJC_ARC = YES;
				CLANG_ENABLE_OBJC_WEAK = YES;
				CLANG_WARN_BLOCK_CAPTURE_AUTORELEASING = YES;
				CLANG_WARN_BOOL_CONVERSION = YES;
				CLANG_WARN_COMMA = YES;
				CLANG_WARN_CONSTANT_CONVERSION = YES;
				CLANG_WARN_DEPRECATED_OBJC_IMPLEMENTATIONS = YES;
				CLANG_WARN_DIRECT_OBJC_ISA_USAGE = YES_ERROR;
				CLANG_WARN_DOCUMENTATION_COMMENTS = YES;
				CLANG_WARN_EMPTY_BODY = YES;
				CLANG_WARN_ENUM_CONVERSION = YES;
				CLANG_WARN_INFINITE_RECURSION = YES;
				CLANG_WARN_INT_CONVERSION = YES;
				CLANG_WARN_NON_LITERAL_NULL_CONVERSION = YES;
				CLANG_WARN_OBJC_IMPLICIT_RETAIN_SELF = YES;
				CLANG_WARN_OBJC_LITERAL_CONVERSION = YES;
				CLANG_WARN_OBJC_ROOT_CLASS = YES_ERROR;
				CLANG_WARN_QUOTED_INCLUDE_IN_FRAMEWORK_HEADER = YES;
				CLANG_WARN_RANGE_LOOP_ANALYSIS = YES;
				CLANG_WARN_STRICT_PROTOTYPES = YES;
				CLANG_WARN_SUSPICIOUS_MOVE = YES;
				CLANG_WARN_UNGUARDED_AVAILABILITY = YES_AGGRESSIVE;
				CLANG_WARN_UNREACHABLE_CODE = YES;
				CLANG_WARN__DUPLICATE_METHOD_MATCH = YES;
				COPY_PHASE_STRIP = NO;
				CURRENT_PROJECT_VERSION = 1;
				DEAD_CODE_STRIPPING = YES;
				DEBUG_INFORMATION_FORMAT = dwarf;
				ENABLE_STRICT_OBJC_MSGSEND = YES;
				ENABLE_TESTABILITY = YES;
				GCC_C_LANGUAGE_STANDARD = gnu11;
				GCC_DYNAMIC_NO_PIC = NO;
				GCC_NO_COMMON_BLOCKS = YES;
				GCC_OPTIMIZATION_LEVEL = 0;
				GCC_PREPROCESSOR_DEFINITIONS = (
					"DEBUG=1",
					"$(inherited)",
				);
				GCC_WARN_64_TO_32_BIT_CONVERSION = YES;
				GCC_WARN_ABOUT_RETURN_TYPE = YES_ERROR;
				GCC_WARN_UNDECLARED_SELECTOR = YES;
				GCC_WARN_UNINITIALIZED_AUTOS = YES_AGGRESSIVE;
				GCC_WARN_UNUSED_FUNCTION = YES;
				GCC_WARN_UNUSED_VARIABLE = YES;
				MACOSX_DEPLOYMENT_TARGET = 13.0;
				MTL_ENABLE_DEBUG_INFO = INCLUDE_SOURCE;
				MTL_FAST_MATH = YES;
				ONLY_ACTIVE_ARCH = YES;
				SDKROOT = macosx;
				SWIFT_ACTIVE_COMPILATION_CONDITIONS = DEBUG;
				SWIFT_OPTIMIZATION_LEVEL = "-Onone";
				VERSIONING_SYSTEM = "apple-generic";
				VERSION_INFO_PREFIX = "";
			};
			name = Debug;
		};
		E68F4B492AB4799E0091B592 /* Release */ = {
			isa = XCBuildConfiguration;
			buildSettings = {
				ALWAYS_SEARCH_USER_PATHS = NO;
				CLANG_ANALYZER_NONNULL = YES;
				CLANG_ANALYZER_NUMBER_OBJECT_CONVERSION = YES_AGGRESSIVE;
				CLANG_CXX_LANGUAGE_STANDARD = "gnu++20";
				CLANG_ENABLE_MODULES = YES;
				CLANG_ENABLE_OBJC_ARC = YES;
				CLANG_ENABLE_OBJC_WEAK = YES;
				CLANG_WARN_BLOCK_CAPTURE_AUTORELEASING = YES;
				CLANG_WARN_BOOL_CONVERSION = YES;
				CLANG_WARN_COMMA = YES;
				CLANG_WARN_CONSTANT_CONVERSION = YES;
				CLANG_WARN_DEPRECATED_OBJC_IMPLEMENTATIONS = YES;
				CLANG_WARN_DIRECT_OBJC_ISA_USAGE = YES_ERROR;
				CLANG_WARN_DOCUMENTATION_COMMENTS = YES;
				CLANG_WARN_EMPTY_BODY = YES;
				CLANG_WARN_ENUM_CONVERSION = YES;
				CLANG_WARN_INFINITE_RECURSION = YES;
				CLANG_WARN_INT_CONVERSION = YES;
				CLANG_WARN_NON_LITERAL_NULL_CONVERSION = YES;
				CLANG_WARN_OBJC_IMPLICIT_RETAIN_SELF = YES;
				CLANG_WARN_OBJC_LITERAL_CONVERSION = YES;
				CLANG_WARN_OBJC_ROOT_CLASS = YES_ERROR;
				CLANG_WARN_QUOTED_INCLUDE_IN_FRAMEWORK_HEADER = YES;
				CLANG_WARN_RANGE_LOOP_ANALYSIS = YES;
				CLANG_WARN_STRICT_PROTOTYPES = YES;
				CLANG_WARN_SUSPICIOUS_MOVE = YES;
				CLANG_WARN_UNGUARDED_AVAILABILITY = YES_AGGRESSIVE;
				CLANG_WARN_UNREACHABLE_CODE = YES;
				CLANG_WARN__DUPLICATE_METHOD_MATCH = YES;
				COPY_PHASE_STRIP = NO;
				CURRENT_PROJECT_VERSION = 1;
				DEAD_CODE_STRIPPING = YES;
				DEBUG_INFORMATION_FORMAT = "dwarf-with-dsym";
				ENABLE_NS_ASSERTIONS = NO;
				ENABLE_STRICT_OBJC_MSGSEND = YES;
				GCC_C_LANGUAGE_STANDARD = gnu11;
				GCC_NO_COMMON_BLOCKS = YES;
				GCC_WARN_64_TO_32_BIT_CONVERSION = YES;
				GCC_WARN_ABOUT_RETURN_TYPE = YES_ERROR;
				GCC_WARN_UNDECLARED_SELECTOR = YES;
				GCC_WARN_UNINITIALIZED_AUTOS = YES_AGGRESSIVE;
				GCC_WARN_UNUSED_FUNCTION = YES;
				GCC_WARN_UNUSED_VARIABLE = YES;
				MACOSX_DEPLOYMENT_TARGET = 13.0;
				MTL_ENABLE_DEBUG_INFO = NO;
				MTL_FAST_MATH = YES;
				SDKROOT = macosx;
				SWIFT_COMPILATION_MODE = wholemodule;
				SWIFT_OPTIMIZATION_LEVEL = "-O";
				VERSIONING_SYSTEM = "apple-generic";
				VERSION_INFO_PREFIX = "";
			};
			name = Release;
		};
		E68F4B4B2AB4799E0091B592 /* Debug */ = {
			isa = XCBuildConfiguration;
			buildSettings = {
				CODE_SIGN_IDENTITY = "";
				CODE_SIGN_STYLE = Automatic;
				COMBINE_HIDPI_IMAGES = YES;
				CURRENT_PROJECT_VERSION = 1;
				DEAD_CODE_STRIPPING = YES;
				DEFINES_MODULE = YES;
				DEVELOPMENT_TEAM = 448W6TL3PT;
				DYLIB_COMPATIBILITY_VERSION = 1;
				DYLIB_CURRENT_VERSION = 1;
				DYLIB_INSTALL_NAME_BASE = "@rpath";
				ENABLE_MODULE_VERIFIER = YES;
				GENERATE_INFOPLIST_FILE = YES;
				INFOPLIST_KEY_NSHumanReadableCopyright = "";
				INSTALL_PATH = "$(LOCAL_LIBRARY_DIR)/Frameworks";
				LD_RUNPATH_SEARCH_PATHS = (
					"$(inherited)",
					"@executable_path/../Frameworks",
					"@loader_path/Frameworks",
				);
				MARKETING_VERSION = 1.0;
				MODULE_VERIFIER_SUPPORTED_LANGUAGES = "objective-c objective-c++";
				MODULE_VERIFIER_SUPPORTED_LANGUAGE_STANDARDS = "gnu11 gnu++20";
				PRODUCT_BUNDLE_IDENTIFIER = com.dania.EssentialFeedMacOS;
				PRODUCT_NAME = "$(TARGET_NAME:c99extidentifier)";
				SKIP_INSTALL = YES;
				SWIFT_EMIT_LOC_STRINGS = YES;
				SWIFT_VERSION = 5.0;
			};
			name = Debug;
		};
		E68F4B4C2AB4799E0091B592 /* Release */ = {
			isa = XCBuildConfiguration;
			buildSettings = {
				CODE_SIGN_IDENTITY = "";
				CODE_SIGN_STYLE = Automatic;
				COMBINE_HIDPI_IMAGES = YES;
				CURRENT_PROJECT_VERSION = 1;
				DEAD_CODE_STRIPPING = YES;
				DEFINES_MODULE = YES;
				DEVELOPMENT_TEAM = 448W6TL3PT;
				DYLIB_COMPATIBILITY_VERSION = 1;
				DYLIB_CURRENT_VERSION = 1;
				DYLIB_INSTALL_NAME_BASE = "@rpath";
				ENABLE_MODULE_VERIFIER = YES;
				GENERATE_INFOPLIST_FILE = YES;
				INFOPLIST_KEY_NSHumanReadableCopyright = "";
				INSTALL_PATH = "$(LOCAL_LIBRARY_DIR)/Frameworks";
				LD_RUNPATH_SEARCH_PATHS = (
					"$(inherited)",
					"@executable_path/../Frameworks",
					"@loader_path/Frameworks",
				);
				MARKETING_VERSION = 1.0;
				MODULE_VERIFIER_SUPPORTED_LANGUAGES = "objective-c objective-c++";
				MODULE_VERIFIER_SUPPORTED_LANGUAGE_STANDARDS = "gnu11 gnu++20";
				PRODUCT_BUNDLE_IDENTIFIER = com.dania.EssentialFeedMacOS;
				PRODUCT_NAME = "$(TARGET_NAME:c99extidentifier)";
				SKIP_INSTALL = YES;
				SWIFT_EMIT_LOC_STRINGS = YES;
				SWIFT_VERSION = 5.0;
			};
			name = Release;
		};
		E68F4B4E2AB4799E0091B592 /* Debug */ = {
			isa = XCBuildConfiguration;
			buildSettings = {
				ALWAYS_EMBED_SWIFT_STANDARD_LIBRARIES = YES;
				CODE_SIGN_STYLE = Automatic;
				CURRENT_PROJECT_VERSION = 1;
				DEAD_CODE_STRIPPING = YES;
				DEVELOPMENT_TEAM = 448W6TL3PT;
				GENERATE_INFOPLIST_FILE = YES;
				MARKETING_VERSION = 1.0;
				PRODUCT_BUNDLE_IDENTIFIER = com.dania.EssentialFeedMacOSTests;
				PRODUCT_NAME = "$(TARGET_NAME)";
				SWIFT_EMIT_LOC_STRINGS = NO;
				SWIFT_VERSION = 5.0;
			};
			name = Debug;
		};
		E68F4B4F2AB4799E0091B592 /* Release */ = {
			isa = XCBuildConfiguration;
			buildSettings = {
				ALWAYS_EMBED_SWIFT_STANDARD_LIBRARIES = YES;
				CODE_SIGN_STYLE = Automatic;
				CURRENT_PROJECT_VERSION = 1;
				DEAD_CODE_STRIPPING = YES;
				DEVELOPMENT_TEAM = 448W6TL3PT;
				GENERATE_INFOPLIST_FILE = YES;
				MARKETING_VERSION = 1.0;
				PRODUCT_BUNDLE_IDENTIFIER = com.dania.EssentialFeedMacOSTests;
				PRODUCT_NAME = "$(TARGET_NAME)";
				SWIFT_EMIT_LOC_STRINGS = NO;
				SWIFT_VERSION = 5.0;
			};
			name = Release;
		};
/* End XCBuildConfiguration section */

/* Begin XCConfigurationList section */
		E65054A32B381F2F00CC34D2 /* Build configuration list for PBXNativeTarget "EssentialFeedAPIEndToEndTests" */ = {
			isa = XCConfigurationList;
			buildConfigurations = (
				E65054A42B381F2F00CC34D2 /* Debug */,
				E65054A52B381F2F00CC34D2 /* Release */,
			);
			defaultConfigurationIsVisible = 0;
			defaultConfigurationName = Release;
		};
		E68F4B302AB4799E0091B592 /* Build configuration list for PBXProject "EssentialFeedMacOS" */ = {
			isa = XCConfigurationList;
			buildConfigurations = (
				E68F4B482AB4799E0091B592 /* Debug */,
				E68F4B492AB4799E0091B592 /* Release */,
			);
			defaultConfigurationIsVisible = 0;
			defaultConfigurationName = Release;
		};
		E68F4B4A2AB4799E0091B592 /* Build configuration list for PBXNativeTarget "EssentialFeedMacOS" */ = {
			isa = XCConfigurationList;
			buildConfigurations = (
				E68F4B4B2AB4799E0091B592 /* Debug */,
				E68F4B4C2AB4799E0091B592 /* Release */,
			);
			defaultConfigurationIsVisible = 0;
			defaultConfigurationName = Release;
		};
		E68F4B4D2AB4799E0091B592 /* Build configuration list for PBXNativeTarget "EssentialFeedMacOSTests" */ = {
			isa = XCConfigurationList;
			buildConfigurations = (
				E68F4B4E2AB4799E0091B592 /* Debug */,
				E68F4B4F2AB4799E0091B592 /* Release */,
			);
			defaultConfigurationIsVisible = 0;
			defaultConfigurationName = Release;
		};
/* End XCConfigurationList section */
	};
	rootObject = E68F4B2D2AB4799E0091B592 /* Project object */;
}
