// !$*UTF8*$!
{
	archiveVersion = 1;
	classes = {
	};
	objectVersion = 56;
	objects = {

/* Begin PBXBuildFile section */
		E6087E992B8B5DA1004AB5C7 /* ValidateFeedCacheUseCaseTests.swift in Sources */ = {isa = PBXBuildFile; fileRef = E6087E982B8B5DA1004AB5C7 /* ValidateFeedCacheUseCaseTests.swift */; };
		E6087E9B2B8B62F7004AB5C7 /* FeedCacheTestHelpers.swift in Sources */ = {isa = PBXBuildFile; fileRef = E6087E9A2B8B62F7004AB5C7 /* FeedCacheTestHelpers.swift */; };
		E6087E9D2B8B683E004AB5C7 /* SharedTestHelpers.swift in Sources */ = {isa = PBXBuildFile; fileRef = E6087E9C2B8B683E004AB5C7 /* SharedTestHelpers.swift */; };
		E6087E9F2B8CDF0C004AB5C7 /* FeedCachePolicy.swift in Sources */ = {isa = PBXBuildFile; fileRef = E6087E9E2B8CDF0C004AB5C7 /* FeedCachePolicy.swift */; };
		E62FDD802AE6C212006DA8B6 /* EssentialFeed.docc in Sources */ = {isa = PBXBuildFile; fileRef = E68F4B3A2AB4799E0091B592 /* EssentialFeed.docc */; };
		E638C9232BA9BC9100E8F1CC /* EssentialFeedCacheIntegrationTests.swift in Sources */ = {isa = PBXBuildFile; fileRef = E638C9222BA9BC9100E8F1CC /* EssentialFeedCacheIntegrationTests.swift */; };
		E638C9242BA9BC9100E8F1CC /* EssentialFeed.framework in Frameworks */ = {isa = PBXBuildFile; fileRef = E68F4B362AB4799E0091B592 /* EssentialFeed.framework */; };
		E638C92B2BA9BF6300E8F1CC /* XCTestCase+MemoryLeakTracking.swift in Sources */ = {isa = PBXBuildFile; fileRef = E650548C2B333BE100CC34D2 /* XCTestCase+MemoryLeakTracking.swift */; };
		E638C92C2BA9C76E00E8F1CC /* FeedCacheTestHelpers.swift in Sources */ = {isa = PBXBuildFile; fileRef = E6087E9A2B8B62F7004AB5C7 /* FeedCacheTestHelpers.swift */; };
		E638C92D2BA9C77E00E8F1CC /* SharedTestHelpers.swift in Sources */ = {isa = PBXBuildFile; fileRef = E6087E9C2B8B683E004AB5C7 /* SharedTestHelpers.swift */; };
		E63A037C2BA495FD00B8B8FC /* CoreDataFeedStoreTests.swift in Sources */ = {isa = PBXBuildFile; fileRef = E63A037B2BA495FD00B8B8FC /* CoreDataFeedStoreTests.swift */; };
		E63A037E2BA4969D00B8B8FC /* CoreDataFeedStore.swift in Sources */ = {isa = PBXBuildFile; fileRef = E63A037D2BA4969D00B8B8FC /* CoreDataFeedStore.swift */; };
		E63A039B2BA4F11400B8B8FC /* FeedStore.xcdatamodeld in Sources */ = {isa = PBXBuildFile; fileRef = E63A03992BA4F11300B8B8FC /* FeedStore.xcdatamodeld */; };
		E65054482B2F0D5600CC34D2 /* URLSessionsHTTPClientTests.swift in Sources */ = {isa = PBXBuildFile; fileRef = E65054472B2F0D5600CC34D2 /* URLSessionsHTTPClientTests.swift */; };
		E650548D2B333BE100CC34D2 /* XCTestCase+MemoryLeakTracking.swift in Sources */ = {isa = PBXBuildFile; fileRef = E650548C2B333BE100CC34D2 /* XCTestCase+MemoryLeakTracking.swift */; };
		E65054902B34440D00CC34D2 /* URLSessionHTTPClient.swift in Sources */ = {isa = PBXBuildFile; fileRef = E650548E2B34440100CC34D2 /* URLSessionHTTPClient.swift */; };
		E650549F2B381F2F00CC34D2 /* EssentialFeedAPIEndToEndTests.swift in Sources */ = {isa = PBXBuildFile; fileRef = E650549E2B381F2F00CC34D2 /* EssentialFeedAPIEndToEndTests.swift */; };
		E65054A02B381F2F00CC34D2 /* EssentialFeed.framework in Frameworks */ = {isa = PBXBuildFile; fileRef = E68F4B362AB4799E0091B592 /* EssentialFeed.framework */; };
		E65054A62B3829C900CC34D2 /* XCTestCase+MemoryLeakTracking.swift in Sources */ = {isa = PBXBuildFile; fileRef = E650548C2B333BE100CC34D2 /* XCTestCase+MemoryLeakTracking.swift */; };
		E6602D7A2BA786940053E529 /* CoreDataHelpers.swift in Sources */ = {isa = PBXBuildFile; fileRef = E6602D792BA786940053E529 /* CoreDataHelpers.swift */; };
		E6602D7C2BA786FF0053E529 /* ManagedCache.swift in Sources */ = {isa = PBXBuildFile; fileRef = E6602D7B2BA786FF0053E529 /* ManagedCache.swift */; };
		E6602D7E2BA787230053E529 /* ManagedFeedImage.swift in Sources */ = {isa = PBXBuildFile; fileRef = E6602D7D2BA787230053E529 /* ManagedFeedImage.swift */; };
		E673C44B2B7B499200FC2098 /* CacheFeedUseCaseTests.swift in Sources */ = {isa = PBXBuildFile; fileRef = E673C44A2B7B499200FC2098 /* CacheFeedUseCaseTests.swift */; };
		E673C4502B7DF9A300FC2098 /* LocalFeedLoader.swift in Sources */ = {isa = PBXBuildFile; fileRef = E673C44F2B7DF9A300FC2098 /* LocalFeedLoader.swift */; };
		E673C4522B7DFA5300FC2098 /* FeedStore.swift in Sources */ = {isa = PBXBuildFile; fileRef = E673C4512B7DFA5300FC2098 /* FeedStore.swift */; };
		E673C4542B7FC49A00FC2098 /* RemoteFeedItem.swift in Sources */ = {isa = PBXBuildFile; fileRef = E673C4532B7FC49A00FC2098 /* RemoteFeedItem.swift */; };
		E673C4562B7FC4E600FC2098 /* LocalFeedImage.swift in Sources */ = {isa = PBXBuildFile; fileRef = E673C4552B7FC4E600FC2098 /* LocalFeedImage.swift */; };
		E673C4582B81E7D900FC2098 /* LoadFeedFromCacheUseCaseTests.swift in Sources */ = {isa = PBXBuildFile; fileRef = E673C4572B81E7D900FC2098 /* LoadFeedFromCacheUseCaseTests.swift */; };
		E673C45B2B81E96100FC2098 /* FeedStoreSpy.swift in Sources */ = {isa = PBXBuildFile; fileRef = E673C45A2B81E96100FC2098 /* FeedStoreSpy.swift */; };
		E67800A92B05826F0067280C /* FeedItemsMapper.swift in Sources */ = {isa = PBXBuildFile; fileRef = E67800A82B05826F0067280C /* FeedItemsMapper.swift */; };
		E67DC20C2BECC34E001E8EC4 /* FeedViewController.swift in Sources */ = {isa = PBXBuildFile; fileRef = E67DC20B2BECC34E001E8EC4 /* FeedViewController.swift */; };
		E684987D2B93791200A54191 /* FeedStoreSpecs.swift in Sources */ = {isa = PBXBuildFile; fileRef = E684987C2B93791200A54191 /* FeedStoreSpecs.swift */; };
		E684987F2B9379AE00A54191 /* XCTestCase+FeedStoreSpecs.swift in Sources */ = {isa = PBXBuildFile; fileRef = E684987E2B9379AE00A54191 /* XCTestCase+FeedStoreSpecs.swift */; };
		E68498812B938E7600A54191 /* XCTestCase+FailableRetrieveFeedStoreSpecs.swift in Sources */ = {isa = PBXBuildFile; fileRef = E68498802B938E7600A54191 /* XCTestCase+FailableRetrieveFeedStoreSpecs.swift */; };
		E68498832B938EE500A54191 /* XCTestCase+FailableInsertFeedStoreSpecs.swift in Sources */ = {isa = PBXBuildFile; fileRef = E68498822B938EE500A54191 /* XCTestCase+FailableInsertFeedStoreSpecs.swift */; };
		E68498852B938F8E00A54191 /* XCTestCase+FailableDeleteFeedStoreSpecs.swift in Sources */ = {isa = PBXBuildFile; fileRef = E68498842B938F8E00A54191 /* XCTestCase+FailableDeleteFeedStoreSpecs.swift */; };
		E68F4B3B2AB4799E0091B592 /* EssentialFeed.docc in Sources */ = {isa = PBXBuildFile; fileRef = E68F4B3A2AB4799E0091B592 /* EssentialFeed.docc */; };
		E68F4B412AB4799E0091B592 /* EssentialFeed.framework in Frameworks */ = {isa = PBXBuildFile; fileRef = E68F4B362AB4799E0091B592 /* EssentialFeed.framework */; };
		E68F4B472AB4799E0091B592 /* EssentialFeed.h in Headers */ = {isa = PBXBuildFile; fileRef = E68F4B392AB4799E0091B592 /* EssentialFeed.h */; settings = {ATTRIBUTES = (Public, ); }; };
		E68F4B532AB5F8A40091B592 /* LoadFeedResult.swift in Sources */ = {isa = PBXBuildFile; fileRef = E68F4B512AB5F8A40091B592 /* LoadFeedResult.swift */; };
		E68F4B542AB5F8A40091B592 /* FeedImage.swift in Sources */ = {isa = PBXBuildFile; fileRef = E68F4B522AB5F8A40091B592 /* FeedImage.swift */; };
		E68F4B582AB5F9C80091B592 /* LoadFeedFromRemoteUserCaseTests.swift in Sources */ = {isa = PBXBuildFile; fileRef = E68F4B572AB5F9C80091B592 /* LoadFeedFromRemoteUserCaseTests.swift */; };
		E68F4B5B2AB9D5020091B592 /* RemoteFeedLoader.swift in Sources */ = {isa = PBXBuildFile; fileRef = E68F4B5A2AB9D5020091B592 /* RemoteFeedLoader.swift */; };
		E6A2CBED2BF1ED0500A2F8E3 /* FeedImageCell.swift in Sources */ = {isa = PBXBuildFile; fileRef = E6A2CBEC2BF1ED0400A2F8E3 /* FeedImageCell.swift */; };
		E6A2CBEF2BF4A1BF00A2F8E3 /* UIView+Shimmering.swift in Sources */ = {isa = PBXBuildFile; fileRef = E6A2CBEE2BF4A1BF00A2F8E3 /* UIView+Shimmering.swift */; };
		E6AB745D2BF9CD1500C8C0E7 /* FeedImageDataLoaderTask.swift in Sources */ = {isa = PBXBuildFile; fileRef = E6AB745C2BF9CD1500C8C0E7 /* FeedImageDataLoaderTask.swift */; };
		E6AB74622BF9D18C00C8C0E7 /* FeedRefershViewController.swift in Sources */ = {isa = PBXBuildFile; fileRef = E6AB74612BF9D18C00C8C0E7 /* FeedRefershViewController.swift */; };
		E6AB74642BF9D5A300C8C0E7 /* FeedImageCellController.swift in Sources */ = {isa = PBXBuildFile; fileRef = E6AB74632BF9D5A300C8C0E7 /* FeedImageCellController.swift */; };
		E6AB74672BF9D97E00C8C0E7 /* FeedUIComposer.swift in Sources */ = {isa = PBXBuildFile; fileRef = E6AB74662BF9D97E00C8C0E7 /* FeedUIComposer.swift */; };
		E6CD59592BBAE6E3005B9182 /* HTTPClient.swift in Sources */ = {isa = PBXBuildFile; fileRef = E6CD59582BBAE6E3005B9182 /* HTTPClient.swift */; };
		E6CD59672BBAF70F005B9182 /* EssentialFeediOS.docc in Sources */ = {isa = PBXBuildFile; fileRef = E6CD59662BBAF70F005B9182 /* EssentialFeediOS.docc */; };
		E6CD596D2BBAF70F005B9182 /* EssentialFeediOS.framework in Frameworks */ = {isa = PBXBuildFile; fileRef = E6CD59632BBAF70F005B9182 /* EssentialFeediOS.framework */; };
		E6DBEEE42BD4A38E00A72E8B /* FeedViewControllerTests.swift in Sources */ = {isa = PBXBuildFile; fileRef = E6DBEEE32BD4A38E00A72E8B /* FeedViewControllerTests.swift */; };
		E6DBEEE62BD4A41500A72E8B /* EssentialFeed.framework in Frameworks */ = {isa = PBXBuildFile; fileRef = E68F4B362AB4799E0091B592 /* EssentialFeed.framework */; platformFilter = ios; };
		E6DBEEE72BD4A41500A72E8B /* EssentialFeed.framework in Embed Frameworks */ = {isa = PBXBuildFile; fileRef = E68F4B362AB4799E0091B592 /* EssentialFeed.framework */; platformFilter = ios; settings = {ATTRIBUTES = (CodeSignOnCopy, RemoveHeadersOnCopy, ); }; };
		E6DBEF052BD4EDFF00A72E8B /* XCTestCase+MemoryLeakTracking.swift in Sources */ = {isa = PBXBuildFile; fileRef = E650548C2B333BE100CC34D2 /* XCTestCase+MemoryLeakTracking.swift */; };
/* End PBXBuildFile section */

/* Begin PBXContainerItemProxy section */
		E638C9252BA9BC9100E8F1CC /* PBXContainerItemProxy */ = {
			isa = PBXContainerItemProxy;
			containerPortal = E68F4B2D2AB4799E0091B592 /* Project object */;
			proxyType = 1;
			remoteGlobalIDString = E68F4B352AB4799E0091B592;
			remoteInfo = EssentialFeedMacOS;
		};
		E65054A12B381F2F00CC34D2 /* PBXContainerItemProxy */ = {
			isa = PBXContainerItemProxy;
			containerPortal = E68F4B2D2AB4799E0091B592 /* Project object */;
			proxyType = 1;
			remoteGlobalIDString = E68F4B352AB4799E0091B592;
			remoteInfo = EssentialFeedMacOS;
		};
		E68F4B422AB4799E0091B592 /* PBXContainerItemProxy */ = {
			isa = PBXContainerItemProxy;
			containerPortal = E68F4B2D2AB4799E0091B592 /* Project object */;
			proxyType = 1;
			remoteGlobalIDString = E68F4B352AB4799E0091B592;
			remoteInfo = EssentialFeedMacOS;
		};
		E6CD596E2BBAF70F005B9182 /* PBXContainerItemProxy */ = {
			isa = PBXContainerItemProxy;
			containerPortal = E68F4B2D2AB4799E0091B592 /* Project object */;
			proxyType = 1;
			remoteGlobalIDString = E6CD59622BBAF70F005B9182;
			remoteInfo = EssentialFeediOS;
		};
		E6DBEEE82BD4A41500A72E8B /* PBXContainerItemProxy */ = {
			isa = PBXContainerItemProxy;
			containerPortal = E68F4B2D2AB4799E0091B592 /* Project object */;
			proxyType = 1;
			remoteGlobalIDString = E68F4B352AB4799E0091B592;
			remoteInfo = EssentialFeed;
		};
/* End PBXContainerItemProxy section */

/* Begin PBXCopyFilesBuildPhase section */
		E6DBEEEA2BD4A41500A72E8B /* Embed Frameworks */ = {
			isa = PBXCopyFilesBuildPhase;
			buildActionMask = 2147483647;
			dstPath = "";
			dstSubfolderSpec = 10;
			files = (
				E6DBEEE72BD4A41500A72E8B /* EssentialFeed.framework in Embed Frameworks */,
			);
			name = "Embed Frameworks";
			runOnlyForDeploymentPostprocessing = 0;
		};
/* End PBXCopyFilesBuildPhase section */

/* Begin PBXFileReference section */
		E6087E982B8B5DA1004AB5C7 /* ValidateFeedCacheUseCaseTests.swift */ = {isa = PBXFileReference; lastKnownFileType = sourcecode.swift; path = ValidateFeedCacheUseCaseTests.swift; sourceTree = "<group>"; };
		E6087E9A2B8B62F7004AB5C7 /* FeedCacheTestHelpers.swift */ = {isa = PBXFileReference; lastKnownFileType = sourcecode.swift; path = FeedCacheTestHelpers.swift; sourceTree = "<group>"; };
		E6087E9C2B8B683E004AB5C7 /* SharedTestHelpers.swift */ = {isa = PBXFileReference; lastKnownFileType = sourcecode.swift; path = SharedTestHelpers.swift; sourceTree = "<group>"; };
		E6087E9E2B8CDF0C004AB5C7 /* FeedCachePolicy.swift */ = {isa = PBXFileReference; lastKnownFileType = sourcecode.swift; path = FeedCachePolicy.swift; sourceTree = "<group>"; };
		E638C9202BA9BC9100E8F1CC /* EssentialFeedCacheIntegrationTests.xctest */ = {isa = PBXFileReference; explicitFileType = wrapper.cfbundle; includeInIndex = 0; path = EssentialFeedCacheIntegrationTests.xctest; sourceTree = BUILT_PRODUCTS_DIR; };
		E638C9222BA9BC9100E8F1CC /* EssentialFeedCacheIntegrationTests.swift */ = {isa = PBXFileReference; lastKnownFileType = sourcecode.swift; path = EssentialFeedCacheIntegrationTests.swift; sourceTree = "<group>"; };
		E638C92A2BA9BCDE00E8F1CC /* EssentialFeedCacheIntegrationTests.xctestplan */ = {isa = PBXFileReference; lastKnownFileType = text; path = EssentialFeedCacheIntegrationTests.xctestplan; sourceTree = "<group>"; };
		E63A037B2BA495FD00B8B8FC /* CoreDataFeedStoreTests.swift */ = {isa = PBXFileReference; lastKnownFileType = sourcecode.swift; path = CoreDataFeedStoreTests.swift; sourceTree = "<group>"; };
		E63A037D2BA4969D00B8B8FC /* CoreDataFeedStore.swift */ = {isa = PBXFileReference; lastKnownFileType = sourcecode.swift; path = CoreDataFeedStore.swift; sourceTree = "<group>"; };
		E63A039A2BA4F11400B8B8FC /* FeedStore.xcdatamodel */ = {isa = PBXFileReference; lastKnownFileType = wrapper.xcdatamodel; path = FeedStore.xcdatamodel; sourceTree = "<group>"; };
		E65054472B2F0D5600CC34D2 /* URLSessionsHTTPClientTests.swift */ = {isa = PBXFileReference; lastKnownFileType = sourcecode.swift; path = URLSessionsHTTPClientTests.swift; sourceTree = "<group>"; };
		E650548C2B333BE100CC34D2 /* XCTestCase+MemoryLeakTracking.swift */ = {isa = PBXFileReference; lastKnownFileType = sourcecode.swift; path = "XCTestCase+MemoryLeakTracking.swift"; sourceTree = "<group>"; };
		E650548E2B34440100CC34D2 /* URLSessionHTTPClient.swift */ = {isa = PBXFileReference; lastKnownFileType = sourcecode.swift; path = URLSessionHTTPClient.swift; sourceTree = "<group>"; };
		E650549C2B381F2F00CC34D2 /* EssentialFeedAPIEndToEndTests.xctest */ = {isa = PBXFileReference; explicitFileType = wrapper.cfbundle; includeInIndex = 0; path = EssentialFeedAPIEndToEndTests.xctest; sourceTree = BUILT_PRODUCTS_DIR; };
		E650549E2B381F2F00CC34D2 /* EssentialFeedAPIEndToEndTests.swift */ = {isa = PBXFileReference; lastKnownFileType = sourcecode.swift; path = EssentialFeedAPIEndToEndTests.swift; sourceTree = "<group>"; };
		E65054A72B382C9700CC34D2 /* CI.xctestplan */ = {isa = PBXFileReference; lastKnownFileType = text; path = CI.xctestplan; sourceTree = "<group>"; };
		E6602D792BA786940053E529 /* CoreDataHelpers.swift */ = {isa = PBXFileReference; lastKnownFileType = sourcecode.swift; path = CoreDataHelpers.swift; sourceTree = "<group>"; };
		E6602D7B2BA786FF0053E529 /* ManagedCache.swift */ = {isa = PBXFileReference; lastKnownFileType = sourcecode.swift; path = ManagedCache.swift; sourceTree = "<group>"; };
		E6602D7D2BA787230053E529 /* ManagedFeedImage.swift */ = {isa = PBXFileReference; lastKnownFileType = sourcecode.swift; path = ManagedFeedImage.swift; sourceTree = "<group>"; };
		E673C44A2B7B499200FC2098 /* CacheFeedUseCaseTests.swift */ = {isa = PBXFileReference; lastKnownFileType = sourcecode.swift; path = CacheFeedUseCaseTests.swift; sourceTree = "<group>"; };
		E673C44F2B7DF9A300FC2098 /* LocalFeedLoader.swift */ = {isa = PBXFileReference; lastKnownFileType = sourcecode.swift; path = LocalFeedLoader.swift; sourceTree = "<group>"; };
		E673C4512B7DFA5300FC2098 /* FeedStore.swift */ = {isa = PBXFileReference; lastKnownFileType = sourcecode.swift; path = FeedStore.swift; sourceTree = "<group>"; };
		E673C4532B7FC49A00FC2098 /* RemoteFeedItem.swift */ = {isa = PBXFileReference; lastKnownFileType = sourcecode.swift; path = RemoteFeedItem.swift; sourceTree = "<group>"; };
		E673C4552B7FC4E600FC2098 /* LocalFeedImage.swift */ = {isa = PBXFileReference; lastKnownFileType = sourcecode.swift; path = LocalFeedImage.swift; sourceTree = "<group>"; };
		E673C4572B81E7D900FC2098 /* LoadFeedFromCacheUseCaseTests.swift */ = {isa = PBXFileReference; lastKnownFileType = sourcecode.swift; path = LoadFeedFromCacheUseCaseTests.swift; sourceTree = "<group>"; };
		E673C45A2B81E96100FC2098 /* FeedStoreSpy.swift */ = {isa = PBXFileReference; lastKnownFileType = sourcecode.swift; path = FeedStoreSpy.swift; sourceTree = "<group>"; };
		E67800A82B05826F0067280C /* FeedItemsMapper.swift */ = {isa = PBXFileReference; lastKnownFileType = sourcecode.swift; path = FeedItemsMapper.swift; sourceTree = "<group>"; };
		E67DC20B2BECC34E001E8EC4 /* FeedViewController.swift */ = {isa = PBXFileReference; lastKnownFileType = sourcecode.swift; path = FeedViewController.swift; sourceTree = "<group>"; };
		E684987C2B93791200A54191 /* FeedStoreSpecs.swift */ = {isa = PBXFileReference; lastKnownFileType = sourcecode.swift; path = FeedStoreSpecs.swift; sourceTree = "<group>"; };
		E684987E2B9379AE00A54191 /* XCTestCase+FeedStoreSpecs.swift */ = {isa = PBXFileReference; lastKnownFileType = sourcecode.swift; path = "XCTestCase+FeedStoreSpecs.swift"; sourceTree = "<group>"; };
		E68498802B938E7600A54191 /* XCTestCase+FailableRetrieveFeedStoreSpecs.swift */ = {isa = PBXFileReference; lastKnownFileType = sourcecode.swift; path = "XCTestCase+FailableRetrieveFeedStoreSpecs.swift"; sourceTree = "<group>"; };
		E68498822B938EE500A54191 /* XCTestCase+FailableInsertFeedStoreSpecs.swift */ = {isa = PBXFileReference; lastKnownFileType = sourcecode.swift; path = "XCTestCase+FailableInsertFeedStoreSpecs.swift"; sourceTree = "<group>"; };
		E68498842B938F8E00A54191 /* XCTestCase+FailableDeleteFeedStoreSpecs.swift */ = {isa = PBXFileReference; lastKnownFileType = sourcecode.swift; path = "XCTestCase+FailableDeleteFeedStoreSpecs.swift"; sourceTree = "<group>"; };
		E68F4B362AB4799E0091B592 /* EssentialFeed.framework */ = {isa = PBXFileReference; explicitFileType = wrapper.framework; includeInIndex = 0; path = EssentialFeed.framework; sourceTree = BUILT_PRODUCTS_DIR; };
		E68F4B392AB4799E0091B592 /* EssentialFeed.h */ = {isa = PBXFileReference; lastKnownFileType = sourcecode.c.h; path = EssentialFeed.h; sourceTree = "<group>"; };
		E68F4B3A2AB4799E0091B592 /* EssentialFeed.docc */ = {isa = PBXFileReference; lastKnownFileType = folder.documentationcatalog; path = EssentialFeed.docc; sourceTree = "<group>"; };
		E68F4B402AB4799E0091B592 /* EssentialFeedTests.xctest */ = {isa = PBXFileReference; explicitFileType = wrapper.cfbundle; includeInIndex = 0; path = EssentialFeedTests.xctest; sourceTree = BUILT_PRODUCTS_DIR; };
		E68F4B512AB5F8A40091B592 /* LoadFeedResult.swift */ = {isa = PBXFileReference; fileEncoding = 4; lastKnownFileType = sourcecode.swift; path = LoadFeedResult.swift; sourceTree = "<group>"; };
		E68F4B522AB5F8A40091B592 /* FeedImage.swift */ = {isa = PBXFileReference; fileEncoding = 4; lastKnownFileType = sourcecode.swift; path = FeedImage.swift; sourceTree = "<group>"; };
		E68F4B572AB5F9C80091B592 /* LoadFeedFromRemoteUserCaseTests.swift */ = {isa = PBXFileReference; lastKnownFileType = sourcecode.swift; path = LoadFeedFromRemoteUserCaseTests.swift; sourceTree = "<group>"; };
		E68F4B5A2AB9D5020091B592 /* RemoteFeedLoader.swift */ = {isa = PBXFileReference; lastKnownFileType = sourcecode.swift; path = RemoteFeedLoader.swift; sourceTree = "<group>"; };
		E6A2CBEC2BF1ED0400A2F8E3 /* FeedImageCell.swift */ = {isa = PBXFileReference; lastKnownFileType = sourcecode.swift; path = FeedImageCell.swift; sourceTree = "<group>"; };
		E6A2CBEE2BF4A1BF00A2F8E3 /* UIView+Shimmering.swift */ = {isa = PBXFileReference; lastKnownFileType = sourcecode.swift; path = "UIView+Shimmering.swift"; sourceTree = "<group>"; };
		E6AB745C2BF9CD1500C8C0E7 /* FeedImageDataLoaderTask.swift */ = {isa = PBXFileReference; lastKnownFileType = sourcecode.swift; path = FeedImageDataLoaderTask.swift; sourceTree = "<group>"; };
		E6AB74612BF9D18C00C8C0E7 /* FeedRefershViewController.swift */ = {isa = PBXFileReference; lastKnownFileType = sourcecode.swift; path = FeedRefershViewController.swift; sourceTree = "<group>"; };
		E6AB74632BF9D5A300C8C0E7 /* FeedImageCellController.swift */ = {isa = PBXFileReference; lastKnownFileType = sourcecode.swift; path = FeedImageCellController.swift; sourceTree = "<group>"; };
		E6AB74662BF9D97E00C8C0E7 /* FeedUIComposer.swift */ = {isa = PBXFileReference; lastKnownFileType = sourcecode.swift; path = FeedUIComposer.swift; sourceTree = "<group>"; };
		E6CD59582BBAE6E3005B9182 /* HTTPClient.swift */ = {isa = PBXFileReference; fileEncoding = 4; lastKnownFileType = sourcecode.swift; path = HTTPClient.swift; sourceTree = "<group>"; };
		E6CD595A2BBAE9D0005B9182 /* EssentialFeedTests.xctestplan */ = {isa = PBXFileReference; lastKnownFileType = text; path = EssentialFeedTests.xctestplan; sourceTree = "<group>"; };
		E6CD595D2BBAEE23005B9182 /* EssentialFeedAPIEndToEndTests.xctestplan */ = {isa = PBXFileReference; lastKnownFileType = text; path = EssentialFeedAPIEndToEndTests.xctestplan; sourceTree = "<group>"; };
		E6CD59632BBAF70F005B9182 /* EssentialFeediOS.framework */ = {isa = PBXFileReference; explicitFileType = wrapper.framework; includeInIndex = 0; path = EssentialFeediOS.framework; sourceTree = BUILT_PRODUCTS_DIR; };
		E6CD59662BBAF70F005B9182 /* EssentialFeediOS.docc */ = {isa = PBXFileReference; lastKnownFileType = folder.documentationcatalog; path = EssentialFeediOS.docc; sourceTree = "<group>"; };
		E6CD596C2BBAF70F005B9182 /* EssentialFeediOSTests.xctest */ = {isa = PBXFileReference; explicitFileType = wrapper.cfbundle; includeInIndex = 0; path = EssentialFeediOSTests.xctest; sourceTree = BUILT_PRODUCTS_DIR; };
		E6CD597A2BBAF791005B9182 /* EssentialFeediOS.xctestplan */ = {isa = PBXFileReference; lastKnownFileType = text; path = EssentialFeediOS.xctestplan; sourceTree = "<group>"; };
		E6CD597B2BBAF9AA005B9182 /* CI_iOS.xctestplan */ = {isa = PBXFileReference; lastKnownFileType = text; name = CI_iOS.xctestplan; path = ../CI_iOS.xctestplan; sourceTree = "<group>"; };
		E6DBEEE32BD4A38E00A72E8B /* FeedViewControllerTests.swift */ = {isa = PBXFileReference; fileEncoding = 4; lastKnownFileType = sourcecode.swift; path = FeedViewControllerTests.swift; sourceTree = "<group>"; };
		E6DEBDD12B39B3A200593012 /* EssentialFeed.xctestplan */ = {isa = PBXFileReference; lastKnownFileType = text; path = EssentialFeed.xctestplan; sourceTree = "<group>"; };
/* End PBXFileReference section */

/* Begin PBXFrameworksBuildPhase section */
		E638C91D2BA9BC9100E8F1CC /* Frameworks */ = {
			isa = PBXFrameworksBuildPhase;
			buildActionMask = 2147483647;
			files = (
				E638C9242BA9BC9100E8F1CC /* EssentialFeed.framework in Frameworks */,
			);
			runOnlyForDeploymentPostprocessing = 0;
		};
		E65054992B381F2F00CC34D2 /* Frameworks */ = {
			isa = PBXFrameworksBuildPhase;
			buildActionMask = 2147483647;
			files = (
				E65054A02B381F2F00CC34D2 /* EssentialFeed.framework in Frameworks */,
			);
			runOnlyForDeploymentPostprocessing = 0;
		};
		E68F4B332AB4799E0091B592 /* Frameworks */ = {
			isa = PBXFrameworksBuildPhase;
			buildActionMask = 2147483647;
			files = (
			);
			runOnlyForDeploymentPostprocessing = 0;
		};
		E68F4B3D2AB4799E0091B592 /* Frameworks */ = {
			isa = PBXFrameworksBuildPhase;
			buildActionMask = 2147483647;
			files = (
				E68F4B412AB4799E0091B592 /* EssentialFeed.framework in Frameworks */,
			);
			runOnlyForDeploymentPostprocessing = 0;
		};
		E6CD59602BBAF70F005B9182 /* Frameworks */ = {
			isa = PBXFrameworksBuildPhase;
			buildActionMask = 2147483647;
			files = (
				E6DBEEE62BD4A41500A72E8B /* EssentialFeed.framework in Frameworks */,
			);
			runOnlyForDeploymentPostprocessing = 0;
		};
		E6CD59692BBAF70F005B9182 /* Frameworks */ = {
			isa = PBXFrameworksBuildPhase;
			buildActionMask = 2147483647;
			files = (
				E6CD596D2BBAF70F005B9182 /* EssentialFeediOS.framework in Frameworks */,
			);
			runOnlyForDeploymentPostprocessing = 0;
		};
/* End PBXFrameworksBuildPhase section */

/* Begin PBXGroup section */
		E638C9212BA9BC9100E8F1CC /* EssentialFeedCacheIntegrationTests */ = {
			isa = PBXGroup;
			children = (
				E638C9222BA9BC9100E8F1CC /* EssentialFeedCacheIntegrationTests.swift */,
			);
			path = EssentialFeedCacheIntegrationTests;
			sourceTree = "<group>";
		};
		E650548B2B333B9800CC34D2 /* Helpers */ = {
			isa = PBXGroup;
			children = (
				E650548C2B333BE100CC34D2 /* XCTestCase+MemoryLeakTracking.swift */,
				E6087E9C2B8B683E004AB5C7 /* SharedTestHelpers.swift */,
			);
			path = Helpers;
			sourceTree = "<group>";
		};
		E650549D2B381F2F00CC34D2 /* EssentialFeedAPIEndToEndTests */ = {
			isa = PBXGroup;
			children = (
				E650549E2B381F2F00CC34D2 /* EssentialFeedAPIEndToEndTests.swift */,
			);
			path = EssentialFeedAPIEndToEndTests;
			sourceTree = "<group>";
		};
		E6602D782BA786390053E529 /* Infrastructure */ = {
			isa = PBXGroup;
			children = (
				E63A03992BA4F11300B8B8FC /* FeedStore.xcdatamodeld */,
				E63A037D2BA4969D00B8B8FC /* CoreDataFeedStore.swift */,
				E6602D7B2BA786FF0053E529 /* ManagedCache.swift */,
				E6602D7D2BA787230053E529 /* ManagedFeedImage.swift */,
				E6602D792BA786940053E529 /* CoreDataHelpers.swift */,
			);
			path = Infrastructure;
			sourceTree = "<group>";
		};
		E673C4482B7B495300FC2098 /* Feed Cache */ = {
			isa = PBXGroup;
			children = (
				E673C4592B81E95A00FC2098 /* Helpers */,
				E673C44A2B7B499200FC2098 /* CacheFeedUseCaseTests.swift */,
				E673C4572B81E7D900FC2098 /* LoadFeedFromCacheUseCaseTests.swift */,
				E6087E982B8B5DA1004AB5C7 /* ValidateFeedCacheUseCaseTests.swift */,
				E63A037B2BA495FD00B8B8FC /* CoreDataFeedStoreTests.swift */,
				E68498862B938FEF00A54191 /* FeedStoreSpecs */,
			);
			path = "Feed Cache";
			sourceTree = "<group>";
		};
		E673C44E2B7DF99000FC2098 /* Feed Cache */ = {
			isa = PBXGroup;
			children = (
				E673C44F2B7DF9A300FC2098 /* LocalFeedLoader.swift */,
				E6087E9E2B8CDF0C004AB5C7 /* FeedCachePolicy.swift */,
				E673C4512B7DFA5300FC2098 /* FeedStore.swift */,
				E673C4552B7FC4E600FC2098 /* LocalFeedImage.swift */,
				E6602D782BA786390053E529 /* Infrastructure */,
			);
			path = "Feed Cache";
			sourceTree = "<group>";
		};
		E673C4592B81E95A00FC2098 /* Helpers */ = {
			isa = PBXGroup;
			children = (
				E6087E9A2B8B62F7004AB5C7 /* FeedCacheTestHelpers.swift */,
				E673C45A2B81E96100FC2098 /* FeedStoreSpy.swift */,
			);
			path = Helpers;
			sourceTree = "<group>";
		};
		E67800AB2B058C000067280C /* Feed API */ = {
			isa = PBXGroup;
			children = (
				E68F4B572AB5F9C80091B592 /* LoadFeedFromRemoteUserCaseTests.swift */,
				E65054472B2F0D5600CC34D2 /* URLSessionsHTTPClientTests.swift */,
			);
			path = "Feed API";
			sourceTree = "<group>";
		};
		E68498862B938FEF00A54191 /* FeedStoreSpecs */ = {
			isa = PBXGroup;
			children = (
				E684987C2B93791200A54191 /* FeedStoreSpecs.swift */,
				E684987E2B9379AE00A54191 /* XCTestCase+FeedStoreSpecs.swift */,
				E68498802B938E7600A54191 /* XCTestCase+FailableRetrieveFeedStoreSpecs.swift */,
				E68498822B938EE500A54191 /* XCTestCase+FailableInsertFeedStoreSpecs.swift */,
				E68498842B938F8E00A54191 /* XCTestCase+FailableDeleteFeedStoreSpecs.swift */,
			);
			path = FeedStoreSpecs;
			sourceTree = "<group>";
		};
		E68F4B2C2AB4799E0091B592 = {
			isa = PBXGroup;
			children = (
				E6CD597A2BBAF791005B9182 /* EssentialFeediOS.xctestplan */,
				E6CD595D2BBAEE23005B9182 /* EssentialFeedAPIEndToEndTests.xctestplan */,
				E6CD595A2BBAE9D0005B9182 /* EssentialFeedTests.xctestplan */,
				E638C92A2BA9BCDE00E8F1CC /* EssentialFeedCacheIntegrationTests.xctestplan */,
				E6DEBDD12B39B3A200593012 /* EssentialFeed.xctestplan */,
				E65054A72B382C9700CC34D2 /* CI.xctestplan */,
				E6CD597B2BBAF9AA005B9182 /* CI_iOS.xctestplan */,
				E68F4B382AB4799E0091B592 /* EssentialFeed */,
				E68F4B442AB4799E0091B592 /* EssentialFeedTests */,
				E650549D2B381F2F00CC34D2 /* EssentialFeedAPIEndToEndTests */,
				E638C9212BA9BC9100E8F1CC /* EssentialFeedCacheIntegrationTests */,
				E6CD59642BBAF70F005B9182 /* EssentialFeediOS */,
				E6CD59702BBAF70F005B9182 /* EssentialFeediOSTests */,
				E68F4B372AB4799E0091B592 /* Products */,
				E6DBEEE52BD4A41500A72E8B /* Frameworks */,
			);
			sourceTree = "<group>";
		};
		E68F4B372AB4799E0091B592 /* Products */ = {
			isa = PBXGroup;
			children = (
				E68F4B362AB4799E0091B592 /* EssentialFeed.framework */,
				E68F4B402AB4799E0091B592 /* EssentialFeedTests.xctest */,
				E650549C2B381F2F00CC34D2 /* EssentialFeedAPIEndToEndTests.xctest */,
				E638C9202BA9BC9100E8F1CC /* EssentialFeedCacheIntegrationTests.xctest */,
				E6CD59632BBAF70F005B9182 /* EssentialFeediOS.framework */,
				E6CD596C2BBAF70F005B9182 /* EssentialFeediOSTests.xctest */,
			);
			name = Products;
			sourceTree = "<group>";
		};
		E68F4B382AB4799E0091B592 /* EssentialFeed */ = {
			isa = PBXGroup;
			children = (
				E673C44E2B7DF99000FC2098 /* Feed Cache */,
				E68F4B502AB5F8940091B592 /* FeedFeature */,
				E68F4B592AB9D4CF0091B592 /* Feed API */,
				E68F4B392AB4799E0091B592 /* EssentialFeed.h */,
				E68F4B3A2AB4799E0091B592 /* EssentialFeed.docc */,
			);
			path = EssentialFeed;
			sourceTree = "<group>";
		};
		E68F4B442AB4799E0091B592 /* EssentialFeedTests */ = {
			isa = PBXGroup;
			children = (
				E650548B2B333B9800CC34D2 /* Helpers */,
				E673C4482B7B495300FC2098 /* Feed Cache */,
				E67800AB2B058C000067280C /* Feed API */,
			);
			path = EssentialFeedTests;
			sourceTree = "<group>";
		};
		E68F4B502AB5F8940091B592 /* FeedFeature */ = {
			isa = PBXGroup;
			children = (
				E68F4B522AB5F8A40091B592 /* FeedImage.swift */,
				E68F4B512AB5F8A40091B592 /* LoadFeedResult.swift */,
			);
			path = FeedFeature;
			sourceTree = "<group>";
		};
		E68F4B592AB9D4CF0091B592 /* Feed API */ = {
			isa = PBXGroup;
			children = (
				E650548E2B34440100CC34D2 /* URLSessionHTTPClient.swift */,
				E68F4B5A2AB9D5020091B592 /* RemoteFeedLoader.swift */,
				E67800A82B05826F0067280C /* FeedItemsMapper.swift */,
				E673C4532B7FC49A00FC2098 /* RemoteFeedItem.swift */,
				E6CD59582BBAE6E3005B9182 /* HTTPClient.swift */,
			);
			path = "Feed API";
			sourceTree = "<group>";
		};
		E6AB745A2BF9CCF200C8C0E7 /* Feed Image Loader */ = {
			isa = PBXGroup;
			children = (
				E6AB745C2BF9CD1500C8C0E7 /* FeedImageDataLoaderTask.swift */,
			);
			path = "Feed Image Loader";
			sourceTree = "<group>";
		};
		E6AB745E2BF9CD7C00C8C0E7 /* Feed UI */ = {
			isa = PBXGroup;
			children = (
				E6AB74652BF9D95F00C8C0E7 /* Composers */,
				E6AB745F2BF9CD8D00C8C0E7 /* Controllers */,
				E6AB74602BF9CD9800C8C0E7 /* Views */,
			);
			path = "Feed UI";
			sourceTree = "<group>";
		};
		E6AB745F2BF9CD8D00C8C0E7 /* Controllers */ = {
			isa = PBXGroup;
			children = (
				E67DC20B2BECC34E001E8EC4 /* FeedViewController.swift */,
				E6AB74612BF9D18C00C8C0E7 /* FeedRefershViewController.swift */,
				E6AB74632BF9D5A300C8C0E7 /* FeedImageCellController.swift */,
			);
			path = Controllers;
			sourceTree = "<group>";
		};
		E6AB74602BF9CD9800C8C0E7 /* Views */ = {
			isa = PBXGroup;
			children = (
				E6A2CBEC2BF1ED0400A2F8E3 /* FeedImageCell.swift */,
				E6A2CBEE2BF4A1BF00A2F8E3 /* UIView+Shimmering.swift */,
			);
			path = Views;
			sourceTree = "<group>";
		};
		E6AB74652BF9D95F00C8C0E7 /* Composers */ = {
			isa = PBXGroup;
			children = (
				E6AB74662BF9D97E00C8C0E7 /* FeedUIComposer.swift */,
			);
			path = Composers;
			sourceTree = "<group>";
		};
		E6CD59642BBAF70F005B9182 /* EssentialFeediOS */ = {
			isa = PBXGroup;
			children = (
				E6AB745A2BF9CCF200C8C0E7 /* Feed Image Loader */,
				E6AB745E2BF9CD7C00C8C0E7 /* Feed UI */,
				E6CD59662BBAF70F005B9182 /* EssentialFeediOS.docc */,
			);
			path = EssentialFeediOS;
			sourceTree = "<group>";
		};
		E6CD59702BBAF70F005B9182 /* EssentialFeediOSTests */ = {
			isa = PBXGroup;
			children = (
				E6DBEEE32BD4A38E00A72E8B /* FeedViewControllerTests.swift */,
			);
			path = EssentialFeediOSTests;
			sourceTree = "<group>";
		};
		E6DBEEE52BD4A41500A72E8B /* Frameworks */ = {
			isa = PBXGroup;
			children = (
			);
			name = Frameworks;
			sourceTree = "<group>";
		};
/* End PBXGroup section */

/* Begin PBXHeadersBuildPhase section */
		E68F4B312AB4799E0091B592 /* Headers */ = {
			isa = PBXHeadersBuildPhase;
			buildActionMask = 2147483647;
			files = (
				E68F4B472AB4799E0091B592 /* EssentialFeed.h in Headers */,
			);
			runOnlyForDeploymentPostprocessing = 0;
		};
		E6CD595E2BBAF70F005B9182 /* Headers */ = {
			isa = PBXHeadersBuildPhase;
			buildActionMask = 2147483647;
			files = (
			);
			runOnlyForDeploymentPostprocessing = 0;
		};
/* End PBXHeadersBuildPhase section */

/* Begin PBXNativeTarget section */
		E638C91F2BA9BC9100E8F1CC /* EssentialFeedCacheIntegrationTests */ = {
			isa = PBXNativeTarget;
			buildConfigurationList = E638C9292BA9BC9100E8F1CC /* Build configuration list for PBXNativeTarget "EssentialFeedCacheIntegrationTests" */;
			buildPhases = (
				E638C91C2BA9BC9100E8F1CC /* Sources */,
				E638C91D2BA9BC9100E8F1CC /* Frameworks */,
				E638C91E2BA9BC9100E8F1CC /* Resources */,
			);
			buildRules = (
			);
			dependencies = (
				E638C9262BA9BC9100E8F1CC /* PBXTargetDependency */,
			);
			name = EssentialFeedCacheIntegrationTests;
			productName = EssentialFeedMacOSCacheIntegrationTests;
			productReference = E638C9202BA9BC9100E8F1CC /* EssentialFeedCacheIntegrationTests.xctest */;
			productType = "com.apple.product-type.bundle.unit-test";
		};
		E650549B2B381F2F00CC34D2 /* EssentialFeedAPIEndToEndTests */ = {
			isa = PBXNativeTarget;
			buildConfigurationList = E65054A32B381F2F00CC34D2 /* Build configuration list for PBXNativeTarget "EssentialFeedAPIEndToEndTests" */;
			buildPhases = (
				E65054982B381F2F00CC34D2 /* Sources */,
				E65054992B381F2F00CC34D2 /* Frameworks */,
				E650549A2B381F2F00CC34D2 /* Resources */,
			);
			buildRules = (
			);
			dependencies = (
				E65054A22B381F2F00CC34D2 /* PBXTargetDependency */,
			);
			name = EssentialFeedAPIEndToEndTests;
			productName = EssentialFeedAPIEndToEndTests;
			productReference = E650549C2B381F2F00CC34D2 /* EssentialFeedAPIEndToEndTests.xctest */;
			productType = "com.apple.product-type.bundle.unit-test";
		};
		E68F4B352AB4799E0091B592 /* EssentialFeed */ = {
			isa = PBXNativeTarget;
			buildConfigurationList = E68F4B4A2AB4799E0091B592 /* Build configuration list for PBXNativeTarget "EssentialFeed" */;
			buildPhases = (
				E68F4B312AB4799E0091B592 /* Headers */,
				E68F4B322AB4799E0091B592 /* Sources */,
				E68F4B332AB4799E0091B592 /* Frameworks */,
				E68F4B342AB4799E0091B592 /* Resources */,
			);
			buildRules = (
			);
			dependencies = (
			);
			name = EssentialFeed;
			productName = EssentialFeedMacOS;
			productReference = E68F4B362AB4799E0091B592 /* EssentialFeed.framework */;
			productType = "com.apple.product-type.framework";
		};
		E68F4B3F2AB4799E0091B592 /* EssentialFeedTests */ = {
			isa = PBXNativeTarget;
			buildConfigurationList = E68F4B4D2AB4799E0091B592 /* Build configuration list for PBXNativeTarget "EssentialFeedTests" */;
			buildPhases = (
				E68F4B3C2AB4799E0091B592 /* Sources */,
				E68F4B3D2AB4799E0091B592 /* Frameworks */,
				E68F4B3E2AB4799E0091B592 /* Resources */,
			);
			buildRules = (
			);
			dependencies = (
				E68F4B432AB4799E0091B592 /* PBXTargetDependency */,
			);
			name = EssentialFeedTests;
			productName = EssentialFeedMacOSTests;
			productReference = E68F4B402AB4799E0091B592 /* EssentialFeedTests.xctest */;
			productType = "com.apple.product-type.bundle.unit-test";
		};
		E6CD59622BBAF70F005B9182 /* EssentialFeediOS */ = {
			isa = PBXNativeTarget;
			buildConfigurationList = E6CD59742BBAF70F005B9182 /* Build configuration list for PBXNativeTarget "EssentialFeediOS" */;
			buildPhases = (
				E6CD595E2BBAF70F005B9182 /* Headers */,
				E6CD595F2BBAF70F005B9182 /* Sources */,
				E6CD59602BBAF70F005B9182 /* Frameworks */,
				E6CD59612BBAF70F005B9182 /* Resources */,
				E6DBEEEA2BD4A41500A72E8B /* Embed Frameworks */,
			);
			buildRules = (
			);
			dependencies = (
				E6DBEEE92BD4A41500A72E8B /* PBXTargetDependency */,
			);
			name = EssentialFeediOS;
			productName = EssentialFeediOS;
			productReference = E6CD59632BBAF70F005B9182 /* EssentialFeediOS.framework */;
			productType = "com.apple.product-type.framework";
		};
		E6CD596B2BBAF70F005B9182 /* EssentialFeediOSTests */ = {
			isa = PBXNativeTarget;
			buildConfigurationList = E6CD59772BBAF70F005B9182 /* Build configuration list for PBXNativeTarget "EssentialFeediOSTests" */;
			buildPhases = (
				E6CD59682BBAF70F005B9182 /* Sources */,
				E6CD59692BBAF70F005B9182 /* Frameworks */,
				E6CD596A2BBAF70F005B9182 /* Resources */,
			);
			buildRules = (
			);
			dependencies = (
				E6CD596F2BBAF70F005B9182 /* PBXTargetDependency */,
			);
			name = EssentialFeediOSTests;
			productName = EssentialFeediOSTests;
			productReference = E6CD596C2BBAF70F005B9182 /* EssentialFeediOSTests.xctest */;
			productType = "com.apple.product-type.bundle.unit-test";
		};
/* End PBXNativeTarget section */

/* Begin PBXProject section */
		E68F4B2D2AB4799E0091B592 /* Project object */ = {
			isa = PBXProject;
			attributes = {
				BuildIndependentTargetsInParallel = 1;
				LastSwiftUpdateCheck = 1530;
				LastUpgradeCheck = 1510;
				TargetAttributes = {
					E638C91F2BA9BC9100E8F1CC = {
						CreatedOnToolsVersion = 15.3;
					};
					E650549B2B381F2F00CC34D2 = {
						CreatedOnToolsVersion = 15.1;
					};
					E68F4B352AB4799E0091B592 = {
						CreatedOnToolsVersion = 14.3.1;
					};
					E68F4B3F2AB4799E0091B592 = {
						CreatedOnToolsVersion = 14.3.1;
					};
					E6CD59622BBAF70F005B9182 = {
						CreatedOnToolsVersion = 15.3;
					};
					E6CD596B2BBAF70F005B9182 = {
						CreatedOnToolsVersion = 15.3;
						LastSwiftMigration = 1530;
					};
				};
			};
			buildConfigurationList = E68F4B302AB4799E0091B592 /* Build configuration list for PBXProject "EssentialFeed" */;
			compatibilityVersion = "Xcode 14.0";
			developmentRegion = en;
			hasScannedForEncodings = 0;
			knownRegions = (
				en,
				Base,
			);
			mainGroup = E68F4B2C2AB4799E0091B592;
			productRefGroup = E68F4B372AB4799E0091B592 /* Products */;
			projectDirPath = "";
			projectRoot = "";
			targets = (
				E68F4B352AB4799E0091B592 /* EssentialFeed */,
				E68F4B3F2AB4799E0091B592 /* EssentialFeedTests */,
				E650549B2B381F2F00CC34D2 /* EssentialFeedAPIEndToEndTests */,
				E638C91F2BA9BC9100E8F1CC /* EssentialFeedCacheIntegrationTests */,
				E6CD59622BBAF70F005B9182 /* EssentialFeediOS */,
				E6CD596B2BBAF70F005B9182 /* EssentialFeediOSTests */,
			);
		};
/* End PBXProject section */

/* Begin PBXResourcesBuildPhase section */
		E638C91E2BA9BC9100E8F1CC /* Resources */ = {
			isa = PBXResourcesBuildPhase;
			buildActionMask = 2147483647;
			files = (
			);
			runOnlyForDeploymentPostprocessing = 0;
		};
		E650549A2B381F2F00CC34D2 /* Resources */ = {
			isa = PBXResourcesBuildPhase;
			buildActionMask = 2147483647;
			files = (
			);
			runOnlyForDeploymentPostprocessing = 0;
		};
		E68F4B342AB4799E0091B592 /* Resources */ = {
			isa = PBXResourcesBuildPhase;
			buildActionMask = 2147483647;
			files = (
			);
			runOnlyForDeploymentPostprocessing = 0;
		};
		E68F4B3E2AB4799E0091B592 /* Resources */ = {
			isa = PBXResourcesBuildPhase;
			buildActionMask = 2147483647;
			files = (
			);
			runOnlyForDeploymentPostprocessing = 0;
		};
		E6CD59612BBAF70F005B9182 /* Resources */ = {
			isa = PBXResourcesBuildPhase;
			buildActionMask = 2147483647;
			files = (
			);
			runOnlyForDeploymentPostprocessing = 0;
		};
		E6CD596A2BBAF70F005B9182 /* Resources */ = {
			isa = PBXResourcesBuildPhase;
			buildActionMask = 2147483647;
			files = (
			);
			runOnlyForDeploymentPostprocessing = 0;
		};
/* End PBXResourcesBuildPhase section */

/* Begin PBXSourcesBuildPhase section */
		E638C91C2BA9BC9100E8F1CC /* Sources */ = {
			isa = PBXSourcesBuildPhase;
			buildActionMask = 2147483647;
			files = (
				E638C92D2BA9C77E00E8F1CC /* SharedTestHelpers.swift in Sources */,
				E638C9232BA9BC9100E8F1CC /* EssentialFeedCacheIntegrationTests.swift in Sources */,
				E638C92C2BA9C76E00E8F1CC /* FeedCacheTestHelpers.swift in Sources */,
				E638C92B2BA9BF6300E8F1CC /* XCTestCase+MemoryLeakTracking.swift in Sources */,
			);
			runOnlyForDeploymentPostprocessing = 0;
		};
		E65054982B381F2F00CC34D2 /* Sources */ = {
			isa = PBXSourcesBuildPhase;
			buildActionMask = 2147483647;
			files = (
				E650549F2B381F2F00CC34D2 /* EssentialFeedAPIEndToEndTests.swift in Sources */,
				E65054A62B3829C900CC34D2 /* XCTestCase+MemoryLeakTracking.swift in Sources */,
			);
			runOnlyForDeploymentPostprocessing = 0;
		};
		E68F4B322AB4799E0091B592 /* Sources */ = {
			isa = PBXSourcesBuildPhase;
			buildActionMask = 2147483647;
			files = (
				E673C4562B7FC4E600FC2098 /* LocalFeedImage.swift in Sources */,
				E63A039B2BA4F11400B8B8FC /* FeedStore.xcdatamodeld in Sources */,
				E673C4522B7DFA5300FC2098 /* FeedStore.swift in Sources */,
				E65054902B34440D00CC34D2 /* URLSessionHTTPClient.swift in Sources */,
				E68F4B5B2AB9D5020091B592 /* RemoteFeedLoader.swift in Sources */,
				E6602D7A2BA786940053E529 /* CoreDataHelpers.swift in Sources */,
				E68F4B532AB5F8A40091B592 /* LoadFeedResult.swift in Sources */,
				E63A037E2BA4969D00B8B8FC /* CoreDataFeedStore.swift in Sources */,
				E6602D7C2BA786FF0053E529 /* ManagedCache.swift in Sources */,
				E67800A92B05826F0067280C /* FeedItemsMapper.swift in Sources */,
				E673C4542B7FC49A00FC2098 /* RemoteFeedItem.swift in Sources */,
				E6087E9F2B8CDF0C004AB5C7 /* FeedCachePolicy.swift in Sources */,
				E68F4B3B2AB4799E0091B592 /* EssentialFeed.docc in Sources */,
				E6CD59592BBAE6E3005B9182 /* HTTPClient.swift in Sources */,
				E6602D7E2BA787230053E529 /* ManagedFeedImage.swift in Sources */,
				E673C4502B7DF9A300FC2098 /* LocalFeedLoader.swift in Sources */,
				E68F4B542AB5F8A40091B592 /* FeedImage.swift in Sources */,
			);
			runOnlyForDeploymentPostprocessing = 0;
		};
		E68F4B3C2AB4799E0091B592 /* Sources */ = {
			isa = PBXSourcesBuildPhase;
			buildActionMask = 2147483647;
			files = (
				E684987F2B9379AE00A54191 /* XCTestCase+FeedStoreSpecs.swift in Sources */,
				E65054482B2F0D5600CC34D2 /* URLSessionsHTTPClientTests.swift in Sources */,
				E63A037C2BA495FD00B8B8FC /* CoreDataFeedStoreTests.swift in Sources */,
				E650548D2B333BE100CC34D2 /* XCTestCase+MemoryLeakTracking.swift in Sources */,
				E6087E9D2B8B683E004AB5C7 /* SharedTestHelpers.swift in Sources */,
				E68498812B938E7600A54191 /* XCTestCase+FailableRetrieveFeedStoreSpecs.swift in Sources */,
				E68F4B582AB5F9C80091B592 /* LoadFeedFromRemoteUserCaseTests.swift in Sources */,
				E673C44B2B7B499200FC2098 /* CacheFeedUseCaseTests.swift in Sources */,
				E6087E9B2B8B62F7004AB5C7 /* FeedCacheTestHelpers.swift in Sources */,
				E6087E992B8B5DA1004AB5C7 /* ValidateFeedCacheUseCaseTests.swift in Sources */,
				E673C45B2B81E96100FC2098 /* FeedStoreSpy.swift in Sources */,
				E673C4582B81E7D900FC2098 /* LoadFeedFromCacheUseCaseTests.swift in Sources */,
				E68498852B938F8E00A54191 /* XCTestCase+FailableDeleteFeedStoreSpecs.swift in Sources */,
				E68498832B938EE500A54191 /* XCTestCase+FailableInsertFeedStoreSpecs.swift in Sources */,
				E684987D2B93791200A54191 /* FeedStoreSpecs.swift in Sources */,
				E62FDD802AE6C212006DA8B6 /* EssentialFeed.docc in Sources */,
			);
			runOnlyForDeploymentPostprocessing = 0;
		};
		E6CD595F2BBAF70F005B9182 /* Sources */ = {
			isa = PBXSourcesBuildPhase;
			buildActionMask = 2147483647;
			files = (
				E67DC20C2BECC34E001E8EC4 /* FeedViewController.swift in Sources */,
				E6AB74672BF9D97E00C8C0E7 /* FeedUIComposer.swift in Sources */,
				E6A2CBEF2BF4A1BF00A2F8E3 /* UIView+Shimmering.swift in Sources */,
				E6AB74622BF9D18C00C8C0E7 /* FeedRefershViewController.swift in Sources */,
				E6AB74642BF9D5A300C8C0E7 /* FeedImageCellController.swift in Sources */,
				E6AB745D2BF9CD1500C8C0E7 /* FeedImageDataLoaderTask.swift in Sources */,
				E6A2CBED2BF1ED0500A2F8E3 /* FeedImageCell.swift in Sources */,
				E6CD59672BBAF70F005B9182 /* EssentialFeediOS.docc in Sources */,
			);
			runOnlyForDeploymentPostprocessing = 0;
		};
		E6CD59682BBAF70F005B9182 /* Sources */ = {
			isa = PBXSourcesBuildPhase;
			buildActionMask = 2147483647;
			files = (
				E6DBEEE42BD4A38E00A72E8B /* FeedViewControllerTests.swift in Sources */,
				E6DBEF052BD4EDFF00A72E8B /* XCTestCase+MemoryLeakTracking.swift in Sources */,
			);
			runOnlyForDeploymentPostprocessing = 0;
		};
/* End PBXSourcesBuildPhase section */

/* Begin PBXTargetDependency section */
		E638C9262BA9BC9100E8F1CC /* PBXTargetDependency */ = {
			isa = PBXTargetDependency;
			target = E68F4B352AB4799E0091B592 /* EssentialFeed */;
			targetProxy = E638C9252BA9BC9100E8F1CC /* PBXContainerItemProxy */;
		};
		E65054A22B381F2F00CC34D2 /* PBXTargetDependency */ = {
			isa = PBXTargetDependency;
			target = E68F4B352AB4799E0091B592 /* EssentialFeed */;
			targetProxy = E65054A12B381F2F00CC34D2 /* PBXContainerItemProxy */;
		};
		E68F4B432AB4799E0091B592 /* PBXTargetDependency */ = {
			isa = PBXTargetDependency;
			target = E68F4B352AB4799E0091B592 /* EssentialFeed */;
			targetProxy = E68F4B422AB4799E0091B592 /* PBXContainerItemProxy */;
		};
		E6CD596F2BBAF70F005B9182 /* PBXTargetDependency */ = {
			isa = PBXTargetDependency;
			target = E6CD59622BBAF70F005B9182 /* EssentialFeediOS */;
			targetProxy = E6CD596E2BBAF70F005B9182 /* PBXContainerItemProxy */;
		};
		E6DBEEE92BD4A41500A72E8B /* PBXTargetDependency */ = {
			isa = PBXTargetDependency;
			platformFilter = ios;
			target = E68F4B352AB4799E0091B592 /* EssentialFeed */;
			targetProxy = E6DBEEE82BD4A41500A72E8B /* PBXContainerItemProxy */;
		};
/* End PBXTargetDependency section */

/* Begin XCBuildConfiguration section */
		E638C9272BA9BC9100E8F1CC /* Debug */ = {
			isa = XCBuildConfiguration;
			buildSettings = {
				ASSETCATALOG_COMPILER_GENERATE_SWIFT_ASSET_SYMBOL_EXTENSIONS = YES;
				CODE_SIGN_STYLE = Automatic;
				CURRENT_PROJECT_VERSION = 1;
				DEVELOPMENT_TEAM = 448W6TL3PT;
				ENABLE_USER_SCRIPT_SANDBOXING = YES;
				GCC_C_LANGUAGE_STANDARD = gnu17;
				GENERATE_INFOPLIST_FILE = YES;
				LOCALIZATION_PREFERS_STRING_CATALOGS = YES;
				MACOSX_DEPLOYMENT_TARGET = 14.1;
				MARKETING_VERSION = 1.0;
				PRODUCT_BUNDLE_IDENTIFIER = com.dania.EssentialFeedMacOSCacheIntegrationTests;
				PRODUCT_NAME = "$(TARGET_NAME)";
				SUPPORTED_PLATFORMS = "macosx iphones iphonesimulator";
				SWIFT_ACTIVE_COMPILATION_CONDITIONS = "DEBUG $(inherited)";
				SWIFT_EMIT_LOC_STRINGS = NO;
				SWIFT_VERSION = 5.0;
			};
			name = Debug;
		};
		E638C9282BA9BC9100E8F1CC /* Release */ = {
			isa = XCBuildConfiguration;
			buildSettings = {
				ASSETCATALOG_COMPILER_GENERATE_SWIFT_ASSET_SYMBOL_EXTENSIONS = YES;
				CODE_SIGN_STYLE = Automatic;
				CURRENT_PROJECT_VERSION = 1;
				DEVELOPMENT_TEAM = 448W6TL3PT;
				ENABLE_USER_SCRIPT_SANDBOXING = YES;
				GCC_C_LANGUAGE_STANDARD = gnu17;
				GENERATE_INFOPLIST_FILE = YES;
				LOCALIZATION_PREFERS_STRING_CATALOGS = YES;
				MACOSX_DEPLOYMENT_TARGET = 14.1;
				MARKETING_VERSION = 1.0;
				PRODUCT_BUNDLE_IDENTIFIER = com.dania.EssentialFeedMacOSCacheIntegrationTests;
				PRODUCT_NAME = "$(TARGET_NAME)";
				SUPPORTED_PLATFORMS = "macosx iphones iphonesimulator";
				SWIFT_EMIT_LOC_STRINGS = NO;
				SWIFT_VERSION = 5.0;
			};
			name = Release;
		};
		E65054A42B381F2F00CC34D2 /* Debug */ = {
			isa = XCBuildConfiguration;
			buildSettings = {
				ASSETCATALOG_COMPILER_GENERATE_SWIFT_ASSET_SYMBOL_EXTENSIONS = YES;
				CODE_SIGN_STYLE = Automatic;
				CURRENT_PROJECT_VERSION = 1;
				DEAD_CODE_STRIPPING = YES;
				DEVELOPMENT_TEAM = 448W6TL3PT;
				ENABLE_USER_SCRIPT_SANDBOXING = YES;
				GCC_C_LANGUAGE_STANDARD = gnu17;
				GENERATE_INFOPLIST_FILE = YES;
				LOCALIZATION_PREFERS_STRING_CATALOGS = YES;
				MACOSX_DEPLOYMENT_TARGET = 14.1;
				MARKETING_VERSION = 1.0;
				PRODUCT_BUNDLE_IDENTIFIER = com.dania.EssentialFeedAPIEndToEndTests;
				PRODUCT_NAME = "$(TARGET_NAME)";
				SUPPORTED_PLATFORMS = "macosx iphones iphonesimulator";
				SWIFT_ACTIVE_COMPILATION_CONDITIONS = "DEBUG $(inherited)";
				SWIFT_EMIT_LOC_STRINGS = NO;
				SWIFT_VERSION = 5.0;
			};
			name = Debug;
		};
		E65054A52B381F2F00CC34D2 /* Release */ = {
			isa = XCBuildConfiguration;
			buildSettings = {
				ASSETCATALOG_COMPILER_GENERATE_SWIFT_ASSET_SYMBOL_EXTENSIONS = YES;
				CODE_SIGN_STYLE = Automatic;
				CURRENT_PROJECT_VERSION = 1;
				DEAD_CODE_STRIPPING = YES;
				DEVELOPMENT_TEAM = 448W6TL3PT;
				ENABLE_USER_SCRIPT_SANDBOXING = YES;
				GCC_C_LANGUAGE_STANDARD = gnu17;
				GENERATE_INFOPLIST_FILE = YES;
				LOCALIZATION_PREFERS_STRING_CATALOGS = YES;
				MACOSX_DEPLOYMENT_TARGET = 14.1;
				MARKETING_VERSION = 1.0;
				PRODUCT_BUNDLE_IDENTIFIER = com.dania.EssentialFeedAPIEndToEndTests;
				PRODUCT_NAME = "$(TARGET_NAME)";
				SUPPORTED_PLATFORMS = "macosx iphones iphonesimulator";
				SWIFT_EMIT_LOC_STRINGS = NO;
				SWIFT_VERSION = 5.0;
			};
			name = Release;
		};
		E68F4B482AB4799E0091B592 /* Debug */ = {
			isa = XCBuildConfiguration;
			buildSettings = {
				ALWAYS_SEARCH_USER_PATHS = NO;
				CLANG_ANALYZER_NONNULL = YES;
				CLANG_ANALYZER_NUMBER_OBJECT_CONVERSION = YES_AGGRESSIVE;
				CLANG_CXX_LANGUAGE_STANDARD = "gnu++20";
				CLANG_ENABLE_MODULES = YES;
				CLANG_ENABLE_OBJC_ARC = YES;
				CLANG_ENABLE_OBJC_WEAK = YES;
				CLANG_WARN_BLOCK_CAPTURE_AUTORELEASING = YES;
				CLANG_WARN_BOOL_CONVERSION = YES;
				CLANG_WARN_COMMA = YES;
				CLANG_WARN_CONSTANT_CONVERSION = YES;
				CLANG_WARN_DEPRECATED_OBJC_IMPLEMENTATIONS = YES;
				CLANG_WARN_DIRECT_OBJC_ISA_USAGE = YES_ERROR;
				CLANG_WARN_DOCUMENTATION_COMMENTS = YES;
				CLANG_WARN_EMPTY_BODY = YES;
				CLANG_WARN_ENUM_CONVERSION = YES;
				CLANG_WARN_INFINITE_RECURSION = YES;
				CLANG_WARN_INT_CONVERSION = YES;
				CLANG_WARN_NON_LITERAL_NULL_CONVERSION = YES;
				CLANG_WARN_OBJC_IMPLICIT_RETAIN_SELF = YES;
				CLANG_WARN_OBJC_LITERAL_CONVERSION = YES;
				CLANG_WARN_OBJC_ROOT_CLASS = YES_ERROR;
				CLANG_WARN_QUOTED_INCLUDE_IN_FRAMEWORK_HEADER = YES;
				CLANG_WARN_RANGE_LOOP_ANALYSIS = YES;
				CLANG_WARN_STRICT_PROTOTYPES = YES;
				CLANG_WARN_SUSPICIOUS_MOVE = YES;
				CLANG_WARN_UNGUARDED_AVAILABILITY = YES_AGGRESSIVE;
				CLANG_WARN_UNREACHABLE_CODE = YES;
				CLANG_WARN__DUPLICATE_METHOD_MATCH = YES;
				COPY_PHASE_STRIP = NO;
				CURRENT_PROJECT_VERSION = 1;
				DEAD_CODE_STRIPPING = YES;
				DEBUG_INFORMATION_FORMAT = dwarf;
				ENABLE_STRICT_OBJC_MSGSEND = YES;
				ENABLE_TESTABILITY = YES;
				GCC_C_LANGUAGE_STANDARD = gnu11;
				GCC_DYNAMIC_NO_PIC = NO;
				GCC_NO_COMMON_BLOCKS = YES;
				GCC_OPTIMIZATION_LEVEL = 0;
				GCC_PREPROCESSOR_DEFINITIONS = (
					"DEBUG=1",
					"$(inherited)",
				);
				GCC_WARN_64_TO_32_BIT_CONVERSION = YES;
				GCC_WARN_ABOUT_RETURN_TYPE = YES_ERROR;
				GCC_WARN_UNDECLARED_SELECTOR = YES;
				GCC_WARN_UNINITIALIZED_AUTOS = YES_AGGRESSIVE;
				GCC_WARN_UNUSED_FUNCTION = YES;
				GCC_WARN_UNUSED_VARIABLE = YES;
				MACOSX_DEPLOYMENT_TARGET = 13.0;
				MTL_ENABLE_DEBUG_INFO = INCLUDE_SOURCE;
				MTL_FAST_MATH = YES;
				ONLY_ACTIVE_ARCH = YES;
				SDKROOT = macosx;
				SWIFT_ACTIVE_COMPILATION_CONDITIONS = DEBUG;
				SWIFT_OPTIMIZATION_LEVEL = "-Onone";
				VERSIONING_SYSTEM = "apple-generic";
				VERSION_INFO_PREFIX = "";
			};
			name = Debug;
		};
		E68F4B492AB4799E0091B592 /* Release */ = {
			isa = XCBuildConfiguration;
			buildSettings = {
				ALWAYS_SEARCH_USER_PATHS = NO;
				CLANG_ANALYZER_NONNULL = YES;
				CLANG_ANALYZER_NUMBER_OBJECT_CONVERSION = YES_AGGRESSIVE;
				CLANG_CXX_LANGUAGE_STANDARD = "gnu++20";
				CLANG_ENABLE_MODULES = YES;
				CLANG_ENABLE_OBJC_ARC = YES;
				CLANG_ENABLE_OBJC_WEAK = YES;
				CLANG_WARN_BLOCK_CAPTURE_AUTORELEASING = YES;
				CLANG_WARN_BOOL_CONVERSION = YES;
				CLANG_WARN_COMMA = YES;
				CLANG_WARN_CONSTANT_CONVERSION = YES;
				CLANG_WARN_DEPRECATED_OBJC_IMPLEMENTATIONS = YES;
				CLANG_WARN_DIRECT_OBJC_ISA_USAGE = YES_ERROR;
				CLANG_WARN_DOCUMENTATION_COMMENTS = YES;
				CLANG_WARN_EMPTY_BODY = YES;
				CLANG_WARN_ENUM_CONVERSION = YES;
				CLANG_WARN_INFINITE_RECURSION = YES;
				CLANG_WARN_INT_CONVERSION = YES;
				CLANG_WARN_NON_LITERAL_NULL_CONVERSION = YES;
				CLANG_WARN_OBJC_IMPLICIT_RETAIN_SELF = YES;
				CLANG_WARN_OBJC_LITERAL_CONVERSION = YES;
				CLANG_WARN_OBJC_ROOT_CLASS = YES_ERROR;
				CLANG_WARN_QUOTED_INCLUDE_IN_FRAMEWORK_HEADER = YES;
				CLANG_WARN_RANGE_LOOP_ANALYSIS = YES;
				CLANG_WARN_STRICT_PROTOTYPES = YES;
				CLANG_WARN_SUSPICIOUS_MOVE = YES;
				CLANG_WARN_UNGUARDED_AVAILABILITY = YES_AGGRESSIVE;
				CLANG_WARN_UNREACHABLE_CODE = YES;
				CLANG_WARN__DUPLICATE_METHOD_MATCH = YES;
				COPY_PHASE_STRIP = NO;
				CURRENT_PROJECT_VERSION = 1;
				DEAD_CODE_STRIPPING = YES;
				DEBUG_INFORMATION_FORMAT = "dwarf-with-dsym";
				ENABLE_NS_ASSERTIONS = NO;
				ENABLE_STRICT_OBJC_MSGSEND = YES;
				GCC_C_LANGUAGE_STANDARD = gnu11;
				GCC_NO_COMMON_BLOCKS = YES;
				GCC_WARN_64_TO_32_BIT_CONVERSION = YES;
				GCC_WARN_ABOUT_RETURN_TYPE = YES_ERROR;
				GCC_WARN_UNDECLARED_SELECTOR = YES;
				GCC_WARN_UNINITIALIZED_AUTOS = YES_AGGRESSIVE;
				GCC_WARN_UNUSED_FUNCTION = YES;
				GCC_WARN_UNUSED_VARIABLE = YES;
				MACOSX_DEPLOYMENT_TARGET = 13.0;
				MTL_ENABLE_DEBUG_INFO = NO;
				MTL_FAST_MATH = YES;
				SDKROOT = macosx;
				SWIFT_COMPILATION_MODE = wholemodule;
				SWIFT_OPTIMIZATION_LEVEL = "-O";
				VERSIONING_SYSTEM = "apple-generic";
				VERSION_INFO_PREFIX = "";
			};
			name = Release;
		};
		E68F4B4B2AB4799E0091B592 /* Debug */ = {
			isa = XCBuildConfiguration;
			buildSettings = {
				CODE_SIGN_IDENTITY = "";
				CODE_SIGN_STYLE = Automatic;
				COMBINE_HIDPI_IMAGES = YES;
				CURRENT_PROJECT_VERSION = 1;
				DEAD_CODE_STRIPPING = YES;
				DEFINES_MODULE = YES;
				DEVELOPMENT_TEAM = 448W6TL3PT;
				DYLIB_COMPATIBILITY_VERSION = 1;
				DYLIB_CURRENT_VERSION = 1;
				DYLIB_INSTALL_NAME_BASE = "@rpath";
				ENABLE_MODULE_VERIFIER = YES;
				GENERATE_INFOPLIST_FILE = YES;
				INFOPLIST_KEY_NSHumanReadableCopyright = "";
				INSTALL_PATH = "$(LOCAL_LIBRARY_DIR)/Frameworks";
				LD_RUNPATH_SEARCH_PATHS = (
					"$(inherited)",
					"@executable_path/../Frameworks",
					"@loader_path/Frameworks",
				);
				MARKETING_VERSION = 1.0;
				MODULE_VERIFIER_SUPPORTED_LANGUAGES = "objective-c objective-c++";
				MODULE_VERIFIER_SUPPORTED_LANGUAGE_STANDARDS = "gnu11 gnu++20";
				PRODUCT_BUNDLE_IDENTIFIER = com.dania.EssentialFeedMacOS;
				PRODUCT_NAME = "$(TARGET_NAME:c99extidentifier)";
				SKIP_INSTALL = YES;
				SUPPORTED_PLATFORMS = "macosx iphones iphonesimulator";
				SWIFT_EMIT_LOC_STRINGS = YES;
				SWIFT_VERSION = 5.0;
			};
			name = Debug;
		};
		E68F4B4C2AB4799E0091B592 /* Release */ = {
			isa = XCBuildConfiguration;
			buildSettings = {
				CODE_SIGN_IDENTITY = "";
				CODE_SIGN_STYLE = Automatic;
				COMBINE_HIDPI_IMAGES = YES;
				CURRENT_PROJECT_VERSION = 1;
				DEAD_CODE_STRIPPING = YES;
				DEFINES_MODULE = YES;
				DEVELOPMENT_TEAM = 448W6TL3PT;
				DYLIB_COMPATIBILITY_VERSION = 1;
				DYLIB_CURRENT_VERSION = 1;
				DYLIB_INSTALL_NAME_BASE = "@rpath";
				ENABLE_MODULE_VERIFIER = YES;
				GENERATE_INFOPLIST_FILE = YES;
				INFOPLIST_KEY_NSHumanReadableCopyright = "";
				INSTALL_PATH = "$(LOCAL_LIBRARY_DIR)/Frameworks";
				LD_RUNPATH_SEARCH_PATHS = (
					"$(inherited)",
					"@executable_path/../Frameworks",
					"@loader_path/Frameworks",
				);
				MARKETING_VERSION = 1.0;
				MODULE_VERIFIER_SUPPORTED_LANGUAGES = "objective-c objective-c++";
				MODULE_VERIFIER_SUPPORTED_LANGUAGE_STANDARDS = "gnu11 gnu++20";
				PRODUCT_BUNDLE_IDENTIFIER = com.dania.EssentialFeedMacOS;
				PRODUCT_NAME = "$(TARGET_NAME:c99extidentifier)";
				SKIP_INSTALL = YES;
				SUPPORTED_PLATFORMS = "macosx iphones iphonesimulator";
				SWIFT_EMIT_LOC_STRINGS = YES;
				SWIFT_VERSION = 5.0;
			};
			name = Release;
		};
		E68F4B4E2AB4799E0091B592 /* Debug */ = {
			isa = XCBuildConfiguration;
			buildSettings = {
				ALWAYS_EMBED_SWIFT_STANDARD_LIBRARIES = YES;
				CODE_SIGN_STYLE = Automatic;
				CURRENT_PROJECT_VERSION = 1;
				DEAD_CODE_STRIPPING = YES;
				DEVELOPMENT_TEAM = 448W6TL3PT;
				GENERATE_INFOPLIST_FILE = YES;
				MARKETING_VERSION = 1.0;
				PRODUCT_BUNDLE_IDENTIFIER = com.dania.EssentialFeedMacOSTests;
				PRODUCT_NAME = "$(TARGET_NAME)";
				SUPPORTED_PLATFORMS = "macosx iphones iphonesimulator";
				SWIFT_EMIT_LOC_STRINGS = NO;
				SWIFT_VERSION = 5.0;
			};
			name = Debug;
		};
		E68F4B4F2AB4799E0091B592 /* Release */ = {
			isa = XCBuildConfiguration;
			buildSettings = {
				ALWAYS_EMBED_SWIFT_STANDARD_LIBRARIES = YES;
				CODE_SIGN_STYLE = Automatic;
				CURRENT_PROJECT_VERSION = 1;
				DEAD_CODE_STRIPPING = YES;
				DEVELOPMENT_TEAM = 448W6TL3PT;
				GENERATE_INFOPLIST_FILE = YES;
				MARKETING_VERSION = 1.0;
				PRODUCT_BUNDLE_IDENTIFIER = com.dania.EssentialFeedMacOSTests;
				PRODUCT_NAME = "$(TARGET_NAME)";
				SUPPORTED_PLATFORMS = "macosx iphones iphonesimulator";
				SWIFT_EMIT_LOC_STRINGS = NO;
				SWIFT_VERSION = 5.0;
			};
			name = Release;
		};
		E6CD59752BBAF70F005B9182 /* Debug */ = {
			isa = XCBuildConfiguration;
			buildSettings = {
				ASSETCATALOG_COMPILER_GENERATE_SWIFT_ASSET_SYMBOL_EXTENSIONS = YES;
				BUILD_LIBRARY_FOR_DISTRIBUTION = YES;
				CODE_SIGN_STYLE = Automatic;
				CURRENT_PROJECT_VERSION = 1;
				DEFINES_MODULE = YES;
				DEVELOPMENT_TEAM = 448W6TL3PT;
				DYLIB_COMPATIBILITY_VERSION = 1;
				DYLIB_CURRENT_VERSION = 1;
				DYLIB_INSTALL_NAME_BASE = "@rpath";
				ENABLE_MODULE_VERIFIER = YES;
				ENABLE_USER_SCRIPT_SANDBOXING = YES;
				GCC_C_LANGUAGE_STANDARD = gnu17;
				GENERATE_INFOPLIST_FILE = YES;
				INFOPLIST_KEY_NSHumanReadableCopyright = "";
				INSTALL_PATH = "$(LOCAL_LIBRARY_DIR)/Frameworks";
				IPHONEOS_DEPLOYMENT_TARGET = 17.4;
				LD_RUNPATH_SEARCH_PATHS = (
					"$(inherited)",
					"@executable_path/Frameworks",
					"@loader_path/Frameworks",
				);
				LOCALIZATION_PREFERS_STRING_CATALOGS = YES;
				MARKETING_VERSION = 1.0;
				MODULE_VERIFIER_SUPPORTED_LANGUAGES = "objective-c objective-c++";
				MODULE_VERIFIER_SUPPORTED_LANGUAGE_STANDARDS = "gnu17 gnu++20";
				PRODUCT_BUNDLE_IDENTIFIER = com.dania.EssentialFeediOS;
				PRODUCT_NAME = "$(TARGET_NAME:c99extidentifier)";
				SDKROOT = iphoneos;
				SKIP_INSTALL = YES;
				SWIFT_ACTIVE_COMPILATION_CONDITIONS = "DEBUG $(inherited)";
				SWIFT_EMIT_LOC_STRINGS = YES;
				SWIFT_INSTALL_OBJC_HEADER = NO;
				SWIFT_VERSION = 5.0;
				TARGETED_DEVICE_FAMILY = "1,2";
			};
			name = Debug;
		};
		E6CD59762BBAF70F005B9182 /* Release */ = {
			isa = XCBuildConfiguration;
			buildSettings = {
				ASSETCATALOG_COMPILER_GENERATE_SWIFT_ASSET_SYMBOL_EXTENSIONS = YES;
				BUILD_LIBRARY_FOR_DISTRIBUTION = YES;
				CODE_SIGN_STYLE = Automatic;
				CURRENT_PROJECT_VERSION = 1;
				DEFINES_MODULE = YES;
				DEVELOPMENT_TEAM = 448W6TL3PT;
				DYLIB_COMPATIBILITY_VERSION = 1;
				DYLIB_CURRENT_VERSION = 1;
				DYLIB_INSTALL_NAME_BASE = "@rpath";
				ENABLE_MODULE_VERIFIER = YES;
				ENABLE_USER_SCRIPT_SANDBOXING = YES;
				GCC_C_LANGUAGE_STANDARD = gnu17;
				GENERATE_INFOPLIST_FILE = YES;
				INFOPLIST_KEY_NSHumanReadableCopyright = "";
				INSTALL_PATH = "$(LOCAL_LIBRARY_DIR)/Frameworks";
				IPHONEOS_DEPLOYMENT_TARGET = 17.4;
				LD_RUNPATH_SEARCH_PATHS = (
					"$(inherited)",
					"@executable_path/Frameworks",
					"@loader_path/Frameworks",
				);
				LOCALIZATION_PREFERS_STRING_CATALOGS = YES;
				MARKETING_VERSION = 1.0;
				MODULE_VERIFIER_SUPPORTED_LANGUAGES = "objective-c objective-c++";
				MODULE_VERIFIER_SUPPORTED_LANGUAGE_STANDARDS = "gnu17 gnu++20";
				PRODUCT_BUNDLE_IDENTIFIER = com.dania.EssentialFeediOS;
				PRODUCT_NAME = "$(TARGET_NAME:c99extidentifier)";
				SDKROOT = iphoneos;
				SKIP_INSTALL = YES;
				SWIFT_EMIT_LOC_STRINGS = YES;
				SWIFT_INSTALL_OBJC_HEADER = NO;
				SWIFT_VERSION = 5.0;
				TARGETED_DEVICE_FAMILY = "1,2";
				VALIDATE_PRODUCT = YES;
			};
			name = Release;
		};
		E6CD59782BBAF70F005B9182 /* Debug */ = {
			isa = XCBuildConfiguration;
			buildSettings = {
				ALWAYS_EMBED_SWIFT_STANDARD_LIBRARIES = YES;
				ASSETCATALOG_COMPILER_GENERATE_SWIFT_ASSET_SYMBOL_EXTENSIONS = YES;
				CLANG_ENABLE_MODULES = YES;
				CODE_SIGN_STYLE = Automatic;
				CURRENT_PROJECT_VERSION = 1;
				DEVELOPMENT_TEAM = 448W6TL3PT;
				ENABLE_USER_SCRIPT_SANDBOXING = YES;
				GCC_C_LANGUAGE_STANDARD = gnu17;
				GENERATE_INFOPLIST_FILE = YES;
				IPHONEOS_DEPLOYMENT_TARGET = 17.4;
				LOCALIZATION_PREFERS_STRING_CATALOGS = YES;
				MARKETING_VERSION = 1.0;
				PRODUCT_BUNDLE_IDENTIFIER = com.dania.EssentialFeediOSTests;
				PRODUCT_NAME = "$(TARGET_NAME)";
				SDKROOT = iphoneos;
				SWIFT_ACTIVE_COMPILATION_CONDITIONS = "DEBUG $(inherited)";
				SWIFT_EMIT_LOC_STRINGS = NO;
				SWIFT_OPTIMIZATION_LEVEL = "-Onone";
				SWIFT_VERSION = 5.0;
				TARGETED_DEVICE_FAMILY = "1,2";
			};
			name = Debug;
		};
		E6CD59792BBAF70F005B9182 /* Release */ = {
			isa = XCBuildConfiguration;
			buildSettings = {
				ALWAYS_EMBED_SWIFT_STANDARD_LIBRARIES = YES;
				ASSETCATALOG_COMPILER_GENERATE_SWIFT_ASSET_SYMBOL_EXTENSIONS = YES;
				CLANG_ENABLE_MODULES = YES;
				CODE_SIGN_STYLE = Automatic;
				CURRENT_PROJECT_VERSION = 1;
				DEVELOPMENT_TEAM = 448W6TL3PT;
				ENABLE_USER_SCRIPT_SANDBOXING = YES;
				GCC_C_LANGUAGE_STANDARD = gnu17;
				GENERATE_INFOPLIST_FILE = YES;
				IPHONEOS_DEPLOYMENT_TARGET = 17.4;
				LOCALIZATION_PREFERS_STRING_CATALOGS = YES;
				MARKETING_VERSION = 1.0;
				PRODUCT_BUNDLE_IDENTIFIER = com.dania.EssentialFeediOSTests;
				PRODUCT_NAME = "$(TARGET_NAME)";
				SDKROOT = iphoneos;
				SWIFT_EMIT_LOC_STRINGS = NO;
				SWIFT_VERSION = 5.0;
				TARGETED_DEVICE_FAMILY = "1,2";
				VALIDATE_PRODUCT = YES;
			};
			name = Release;
		};
/* End XCBuildConfiguration section */

/* Begin XCConfigurationList section */
		E638C9292BA9BC9100E8F1CC /* Build configuration list for PBXNativeTarget "EssentialFeedCacheIntegrationTests" */ = {
			isa = XCConfigurationList;
			buildConfigurations = (
				E638C9272BA9BC9100E8F1CC /* Debug */,
				E638C9282BA9BC9100E8F1CC /* Release */,
			);
			defaultConfigurationIsVisible = 0;
			defaultConfigurationName = Release;
		};
		E65054A32B381F2F00CC34D2 /* Build configuration list for PBXNativeTarget "EssentialFeedAPIEndToEndTests" */ = {
			isa = XCConfigurationList;
			buildConfigurations = (
				E65054A42B381F2F00CC34D2 /* Debug */,
				E65054A52B381F2F00CC34D2 /* Release */,
			);
			defaultConfigurationIsVisible = 0;
			defaultConfigurationName = Release;
		};
		E68F4B302AB4799E0091B592 /* Build configuration list for PBXProject "EssentialFeed" */ = {
			isa = XCConfigurationList;
			buildConfigurations = (
				E68F4B482AB4799E0091B592 /* Debug */,
				E68F4B492AB4799E0091B592 /* Release */,
			);
			defaultConfigurationIsVisible = 0;
			defaultConfigurationName = Release;
		};
		E68F4B4A2AB4799E0091B592 /* Build configuration list for PBXNativeTarget "EssentialFeed" */ = {
			isa = XCConfigurationList;
			buildConfigurations = (
				E68F4B4B2AB4799E0091B592 /* Debug */,
				E68F4B4C2AB4799E0091B592 /* Release */,
			);
			defaultConfigurationIsVisible = 0;
			defaultConfigurationName = Release;
		};
		E68F4B4D2AB4799E0091B592 /* Build configuration list for PBXNativeTarget "EssentialFeedTests" */ = {
			isa = XCConfigurationList;
			buildConfigurations = (
				E68F4B4E2AB4799E0091B592 /* Debug */,
				E68F4B4F2AB4799E0091B592 /* Release */,
			);
			defaultConfigurationIsVisible = 0;
			defaultConfigurationName = Release;
		};
		E6CD59742BBAF70F005B9182 /* Build configuration list for PBXNativeTarget "EssentialFeediOS" */ = {
			isa = XCConfigurationList;
			buildConfigurations = (
				E6CD59752BBAF70F005B9182 /* Debug */,
				E6CD59762BBAF70F005B9182 /* Release */,
			);
			defaultConfigurationIsVisible = 0;
			defaultConfigurationName = Release;
		};
		E6CD59772BBAF70F005B9182 /* Build configuration list for PBXNativeTarget "EssentialFeediOSTests" */ = {
			isa = XCConfigurationList;
			buildConfigurations = (
				E6CD59782BBAF70F005B9182 /* Debug */,
				E6CD59792BBAF70F005B9182 /* Release */,
			);
			defaultConfigurationIsVisible = 0;
			defaultConfigurationName = Release;
		};
/* End XCConfigurationList section */

/* Begin XCVersionGroup section */
		E63A03992BA4F11300B8B8FC /* FeedStore.xcdatamodeld */ = {
			isa = XCVersionGroup;
			children = (
				E63A039A2BA4F11400B8B8FC /* FeedStore.xcdatamodel */,
			);
			currentVersion = E63A039A2BA4F11400B8B8FC /* FeedStore.xcdatamodel */;
			path = FeedStore.xcdatamodeld;
			sourceTree = "<group>";
			versionGroupType = wrapper.xcdatamodel;
		};
/* End XCVersionGroup section */
	};
	rootObject = E68F4B2D2AB4799E0091B592 /* Project object */;
}
